// !$*UTF8*$!
{
	archiveVersion = 1;
	classes = {
	};
	objectVersion = 52;
	objects = {

/* Begin PBXBuildFile section */
		110AC6EB27C55BA000ADA6EB /* Test.m in Sources */ = {isa = PBXBuildFile; fileRef = 110AC6EA27C55BA000ADA6EB /* Test.m */; };
		110AC6F027C5B4D000ADA6EB /* LoginWithAmazon.framework in Frameworks */ = {isa = PBXBuildFile; fileRef = 110AC6EF27C5B4D000ADA6EB /* LoginWithAmazon.framework */; };
		110AC6F227C5B62100ADA6EB /* Security.framework in Frameworks */ = {isa = PBXBuildFile; fileRef = 110AC6F127C5B62100ADA6EB /* Security.framework */; };
		110AC6F427C5B62E00ADA6EB /* SafariServices.framework in Frameworks */ = {isa = PBXBuildFile; fileRef = 110AC6F327C5B62E00ADA6EB /* SafariServices.framework */; };
		1115179B278E051A00BBBB0D /* AlertService.swift in Sources */ = {isa = PBXBuildFile; fileRef = 11151786278E051900BBBB0D /* AlertService.swift */; };
		1115179C278E051A00BBBB0D /* Extension.swift in Sources */ = {isa = PBXBuildFile; fileRef = 11151787278E051900BBBB0D /* Extension.swift */; };
		1115179D278E051A00BBBB0D /* PopupViewController.swift in Sources */ = {isa = PBXBuildFile; fileRef = 1115178A278E051900BBBB0D /* PopupViewController.swift */; };
		1115179E278E051A00BBBB0D /* ChatViewController.swift in Sources */ = {isa = PBXBuildFile; fileRef = 1115178D278E051900BBBB0D /* ChatViewController.swift */; };
		1115179F278E051A00BBBB0D /* ChatViewController+MessageLabelDelegate.swift in Sources */ = {isa = PBXBuildFile; fileRef = 1115178E278E051A00BBBB0D /* ChatViewController+MessageLabelDelegate.swift */; };
		111517A0278E051A00BBBB0D /* CustomChatViewController.swift in Sources */ = {isa = PBXBuildFile; fileRef = 1115178F278E051A00BBBB0D /* CustomChatViewController.swift */; };
		111517A1278E051A00BBBB0D /* EditCustomFieldsViewController.swift in Sources */ = {isa = PBXBuildFile; fileRef = 11151790278E051A00BBBB0D /* EditCustomFieldsViewController.swift */; };
		111517A2278E051A00BBBB0D /* ImageCarousel.swift in Sources */ = {isa = PBXBuildFile; fileRef = 11151792278E051A00BBBB0D /* ImageCarousel.swift */; };
		111517A3278E051A00BBBB0D /* PressableButton.swift in Sources */ = {isa = PBXBuildFile; fileRef = 11151793278E051A00BBBB0D /* PressableButton.swift */; };
		111517A4278E051A00BBBB0D /* MessageCollectionViewCell.swift in Sources */ = {isa = PBXBuildFile; fileRef = 11151794278E051A00BBBB0D /* MessageCollectionViewCell.swift */; };
		111517A5278E051A00BBBB0D /* CameraInputBarAccessoryView.swift in Sources */ = {isa = PBXBuildFile; fileRef = 11151795278E051A00BBBB0D /* CameraInputBarAccessoryView.swift */; };
		111517A6278E051A00BBBB0D /* ChatViewController+MessageCellDelegate.swift in Sources */ = {isa = PBXBuildFile; fileRef = 11151796278E051A00BBBB0D /* ChatViewController+MessageCellDelegate.swift */; };
		111517A7278E051A00BBBB0D /* ParentNavigationViewController.swift in Sources */ = {isa = PBXBuildFile; fileRef = 11151797278E051A00BBBB0D /* ParentNavigationViewController.swift */; };
		111517A8278E051A00BBBB0D /* ThreadViewController.swift in Sources */ = {isa = PBXBuildFile; fileRef = 11151799278E051A00BBBB0D /* ThreadViewController.swift */; };
		111517A9278E051A00BBBB0D /* ThreadCell.swift in Sources */ = {isa = PBXBuildFile; fileRef = 1115179A278E051A00BBBB0D /* ThreadCell.swift */; };
		112A7A8927A35FFE003D4542 /* ActivityIndicator in Frameworks */ = {isa = PBXBuildFile; productRef = 112A7A8827A35FFE003D4542 /* ActivityIndicator */; };
		1145A478279F0CD8009C0790 /* NewThreadCustomFieldsPopupViewController.swift in Sources */ = {isa = PBXBuildFile; fileRef = 1145A477279F0CD8009C0790 /* NewThreadCustomFieldsPopupViewController.swift */; };
		114BCCE027CD2FA4001BCCF0 /* Toast in Frameworks */ = {isa = PBXBuildFile; productRef = 114BCCDF27CD2FA4001BCCF0 /* Toast */; };
		1156AE232784E67100CEFC0F /* Assets.xcassets in Resources */ = {isa = PBXBuildFile; fileRef = 1156AE222784E67100CEFC0F /* Assets.xcassets */; };
		118B058A27BD8EC1004D725E /* (null) in Frameworks */ = {isa = PBXBuildFile; };
		118B058D27BD91AF004D725E /* Kingfisher in Frameworks */ = {isa = PBXBuildFile; productRef = 118B058C27BD91AF004D725E /* Kingfisher */; };
		118B058F27BD92A8004D725E /* ActivityIndicator in Frameworks */ = {isa = PBXBuildFile; productRef = 118B058E27BD92A8004D725E /* ActivityIndicator */; };
		1193DCC42795D4800087AB5F /* CountDownLabel.swift in Sources */ = {isa = PBXBuildFile; fileRef = 1193DCC32795D4800087AB5F /* CountDownLabel.swift */; };
		1193DCE52795D9640087AB5F /* LTMorphingLabel+Fall.swift in Sources */ = {isa = PBXBuildFile; fileRef = 1193DCCE2795D9640087AB5F /* LTMorphingLabel+Fall.swift */; };
		1193DCE62795D9640087AB5F /* LTEasing.swift in Sources */ = {isa = PBXBuildFile; fileRef = 1193DCD02795D9640087AB5F /* LTEasing.swift */; };
		1193DCE72795D9640087AB5F /* LTEmitterView.swift in Sources */ = {isa = PBXBuildFile; fileRef = 1193DCD12795D9640087AB5F /* LTEmitterView.swift */; };
		1193DCE82795D9640087AB5F /* LTCharacterLimbo.swift in Sources */ = {isa = PBXBuildFile; fileRef = 1193DCD22795D9640087AB5F /* LTCharacterLimbo.swift */; };
		1193DCE92795D9640087AB5F /* Fire.png in Resources */ = {isa = PBXBuildFile; fileRef = 1193DCD42795D9640087AB5F /* Fire.png */; };
		1193DCEA2795D9640087AB5F /* Sparkle.png in Resources */ = {isa = PBXBuildFile; fileRef = 1193DCD52795D9640087AB5F /* Sparkle.png */; };
		1193DCEB2795D9640087AB5F /* Fragment.png in Resources */ = {isa = PBXBuildFile; fileRef = 1193DCD62795D9640087AB5F /* Fragment.png */; };
		1193DCEC2795D9640087AB5F /* Smoke.png in Resources */ = {isa = PBXBuildFile; fileRef = 1193DCD72795D9640087AB5F /* Smoke.png */; };
		1193DCEE2795D9650087AB5F /* LTCharacterDiffResult.swift in Sources */ = {isa = PBXBuildFile; fileRef = 1193DCD92795D9640087AB5F /* LTCharacterDiffResult.swift */; };
		1193DCEF2795D9650087AB5F /* LTMorphingLabel+Evaporate.swift in Sources */ = {isa = PBXBuildFile; fileRef = 1193DCDA2795D9640087AB5F /* LTMorphingLabel+Evaporate.swift */; };
		1193DCF02795D9650087AB5F /* LTStringDiffResult.swift in Sources */ = {isa = PBXBuildFile; fileRef = 1193DCDB2795D9640087AB5F /* LTStringDiffResult.swift */; };
		1193DCF12795D9650087AB5F /* LTMorphingLabel+Burn.swift in Sources */ = {isa = PBXBuildFile; fileRef = 1193DCDC2795D9640087AB5F /* LTMorphingLabel+Burn.swift */; };
		1193DCF22795D9650087AB5F /* LTMorphingLabel.swift in Sources */ = {isa = PBXBuildFile; fileRef = 1193DCDD2795D9640087AB5F /* LTMorphingLabel.swift */; };
		1193DCF32795D9650087AB5F /* LTMorphingLabel+Anvil.swift in Sources */ = {isa = PBXBuildFile; fileRef = 1193DCDE2795D9640087AB5F /* LTMorphingLabel+Anvil.swift */; };
		1193DCF42795D9650087AB5F /* LTMorphingLabel+Sparkle.swift in Sources */ = {isa = PBXBuildFile; fileRef = 1193DCDF2795D9640087AB5F /* LTMorphingLabel+Sparkle.swift */; };
		1193DCF52795D9650087AB5F /* LTMorphingLabel+Pixelate.swift in Sources */ = {isa = PBXBuildFile; fileRef = 1193DCE02795D9640087AB5F /* LTMorphingLabel+Pixelate.swift */; };
		1193DCF62795D9650087AB5F /* LTMorphingEffect.swift in Sources */ = {isa = PBXBuildFile; fileRef = 1193DCE12795D9640087AB5F /* LTMorphingEffect.swift */; };
		1193DCF82795D9650087AB5F /* MorphingText.swift in Sources */ = {isa = PBXBuildFile; fileRef = 1193DCE42795D9640087AB5F /* MorphingText.swift */; };
		1194B9F927BC65CF005AADCE /* IQKeyboardManagerSwift in Frameworks */ = {isa = PBXBuildFile; productRef = 1194B9F827BC65CF005AADCE /* IQKeyboardManagerSwift */; };
		119A393C27888E0200002408 /* Extensions.swift in Sources */ = {isa = PBXBuildFile; fileRef = 119A393B27888E0200002408 /* Extensions.swift */; };
		11A3930127BC614D0030B02B /* (null) in Frameworks */ = {isa = PBXBuildFile; };
		11A3930227BC614D0030B02B /* (null) in Frameworks */ = {isa = PBXBuildFile; };
		11B4E36C27B6F30E00EBC3E7 /* CXOneChatSDK in Frameworks */ = {isa = PBXBuildFile; productRef = 11B4E36B27B6F30E00EBC3E7 /* CXOneChatSDK */; };
		11D4175027BC12B30082F31E /* CXOneChatSDK in Frameworks */ = {isa = PBXBuildFile; productRef = 11D4174F27BC12B30082F31E /* CXOneChatSDK */; };
		11F1C81A27AB0FB40018BD19 /* ConfigChooser.swift in Sources */ = {isa = PBXBuildFile; fileRef = 11F1C81927AB0FB40018BD19 /* ConfigChooser.swift */; };
		11F6137527BEBB71007BD941 /* LoginViewController.swift in Sources */ = {isa = PBXBuildFile; fileRef = 11F6137427BEBB71007BD941 /* LoginViewController.swift */; };
		11F6137827BEC084007BD941 /* Login.storyboard in Resources */ = {isa = PBXBuildFile; fileRef = 11F6137627BEC084007BD941 /* Login.storyboard */; };
		270322CA27C99B0300B1F9E0 /* PKCE in Frameworks */ = {isa = PBXBuildFile; productRef = 270322C927C99B0300B1F9E0 /* PKCE */; };
		27294B312818855A00E18A18 /* awsconfiguration.json in Resources */ = {isa = PBXBuildFile; fileRef = 27294B302818855A00E18A18 /* awsconfiguration.json */; };
		27294B34281895D400E18A18 /* CXOneChatSDK in Frameworks */ = {isa = PBXBuildFile; productRef = 27294B33281895D400E18A18 /* CXOneChatSDK */; };
		27A0175F27A305AD00F3D6C5 /* iOSSDKExampleTests.swift in Sources */ = {isa = PBXBuildFile; fileRef = 27A0175E27A305AD00F3D6C5 /* iOSSDKExampleTests.swift */; };
		27A0176C27A305C400F3D6C5 /* iOSSDKExampleUITests.swift in Sources */ = {isa = PBXBuildFile; fileRef = 27A0176B27A305C400F3D6C5 /* iOSSDKExampleUITests.swift */; };
		27A0176E27A305C400F3D6C5 /* iOSSDKExampleUITestsLaunchTests.swift in Sources */ = {isa = PBXBuildFile; fileRef = 27A0176D27A305C400F3D6C5 /* iOSSDKExampleUITestsLaunchTests.swift */; };
		D47DFB452714CB9A0085407E /* Media.xcassets in Resources */ = {isa = PBXBuildFile; fileRef = D47DFB442714CB9A0085407E /* Media.xcassets */; };
		D4D4EE4626E11A3E002BE857 /* AppDelegate.swift in Sources */ = {isa = PBXBuildFile; fileRef = D4D4EE4526E11A3E002BE857 /* AppDelegate.swift */; };
		D4D4EE4826E11A3E002BE857 /* SceneDelegate.swift in Sources */ = {isa = PBXBuildFile; fileRef = D4D4EE4726E11A3E002BE857 /* SceneDelegate.swift */; };
		D4D4EE4D26E11A3E002BE857 /* Main.storyboard in Resources */ = {isa = PBXBuildFile; fileRef = D4D4EE4B26E11A3E002BE857 /* Main.storyboard */; };
		D4D4EE5226E11A3F002BE857 /* LaunchScreen.storyboard in Resources */ = {isa = PBXBuildFile; fileRef = D4D4EE5026E11A3F002BE857 /* LaunchScreen.storyboard */; };
/* End PBXBuildFile section */

/* Begin PBXContainerItemProxy section */
		27A0176027A305AD00F3D6C5 /* PBXContainerItemProxy */ = {
			isa = PBXContainerItemProxy;
			containerPortal = D4D4EE3A26E11A3E002BE857 /* Project object */;
			proxyType = 1;
			remoteGlobalIDString = D4D4EE4126E11A3E002BE857;
			remoteInfo = iOSSDKExample;
		};
		27A0176F27A305C400F3D6C5 /* PBXContainerItemProxy */ = {
			isa = PBXContainerItemProxy;
			containerPortal = D4D4EE3A26E11A3E002BE857 /* Project object */;
			proxyType = 1;
			remoteGlobalIDString = D4D4EE4126E11A3E002BE857;
			remoteInfo = iOSSDKExample;
		};
/* End PBXContainerItemProxy section */

/* Begin PBXFileReference section */
		110AC6E827C55BA000ADA6EB /* Test.h */ = {isa = PBXFileReference; fileEncoding = 4; lastKnownFileType = sourcecode.c.h; path = Test.h; sourceTree = "<group>"; };
		110AC6E927C55BA000ADA6EB /* iOSSDKExample-Bridging-Header.h */ = {isa = PBXFileReference; fileEncoding = 4; lastKnownFileType = sourcecode.c.h; path = "iOSSDKExample-Bridging-Header.h"; sourceTree = "<group>"; };
		110AC6EA27C55BA000ADA6EB /* Test.m */ = {isa = PBXFileReference; fileEncoding = 4; lastKnownFileType = sourcecode.c.objc; path = Test.m; sourceTree = "<group>"; };
		110AC6EF27C5B4D000ADA6EB /* LoginWithAmazon.framework */ = {isa = PBXFileReference; lastKnownFileType = wrapper.framework; path = LoginWithAmazon.framework; sourceTree = "<group>"; };
		110AC6F127C5B62100ADA6EB /* Security.framework */ = {isa = PBXFileReference; lastKnownFileType = wrapper.framework; name = Security.framework; path = System/Library/Frameworks/Security.framework; sourceTree = SDKROOT; };
		110AC6F327C5B62E00ADA6EB /* SafariServices.framework */ = {isa = PBXFileReference; lastKnownFileType = wrapper.framework; name = SafariServices.framework; path = System/Library/Frameworks/SafariServices.framework; sourceTree = SDKROOT; };
		11151786278E051900BBBB0D /* AlertService.swift */ = {isa = PBXFileReference; fileEncoding = 4; lastKnownFileType = sourcecode.swift; path = AlertService.swift; sourceTree = "<group>"; };
		11151787278E051900BBBB0D /* Extension.swift */ = {isa = PBXFileReference; fileEncoding = 4; lastKnownFileType = sourcecode.swift; path = Extension.swift; sourceTree = "<group>"; };
		1115178A278E051900BBBB0D /* PopupViewController.swift */ = {isa = PBXFileReference; fileEncoding = 4; lastKnownFileType = sourcecode.swift; path = PopupViewController.swift; sourceTree = "<group>"; };
		1115178D278E051900BBBB0D /* ChatViewController.swift */ = {isa = PBXFileReference; fileEncoding = 4; lastKnownFileType = sourcecode.swift; path = ChatViewController.swift; sourceTree = "<group>"; };
		1115178E278E051A00BBBB0D /* ChatViewController+MessageLabelDelegate.swift */ = {isa = PBXFileReference; fileEncoding = 4; lastKnownFileType = sourcecode.swift; path = "ChatViewController+MessageLabelDelegate.swift"; sourceTree = "<group>"; };
		1115178F278E051A00BBBB0D /* CustomChatViewController.swift */ = {isa = PBXFileReference; fileEncoding = 4; lastKnownFileType = sourcecode.swift; path = CustomChatViewController.swift; sourceTree = "<group>"; };
		11151790278E051A00BBBB0D /* EditCustomFieldsViewController.swift */ = {isa = PBXFileReference; fileEncoding = 4; lastKnownFileType = sourcecode.swift; path = EditCustomFieldsViewController.swift; sourceTree = "<group>"; };
		11151792278E051A00BBBB0D /* ImageCarousel.swift */ = {isa = PBXFileReference; fileEncoding = 4; lastKnownFileType = sourcecode.swift; path = ImageCarousel.swift; sourceTree = "<group>"; };
		11151793278E051A00BBBB0D /* PressableButton.swift */ = {isa = PBXFileReference; fileEncoding = 4; lastKnownFileType = sourcecode.swift; path = PressableButton.swift; sourceTree = "<group>"; };
		11151794278E051A00BBBB0D /* MessageCollectionViewCell.swift */ = {isa = PBXFileReference; fileEncoding = 4; lastKnownFileType = sourcecode.swift; path = MessageCollectionViewCell.swift; sourceTree = "<group>"; };
		11151795278E051A00BBBB0D /* CameraInputBarAccessoryView.swift */ = {isa = PBXFileReference; fileEncoding = 4; lastKnownFileType = sourcecode.swift; path = CameraInputBarAccessoryView.swift; sourceTree = "<group>"; };
		11151796278E051A00BBBB0D /* ChatViewController+MessageCellDelegate.swift */ = {isa = PBXFileReference; fileEncoding = 4; lastKnownFileType = sourcecode.swift; path = "ChatViewController+MessageCellDelegate.swift"; sourceTree = "<group>"; };
		11151797278E051A00BBBB0D /* ParentNavigationViewController.swift */ = {isa = PBXFileReference; fileEncoding = 4; lastKnownFileType = sourcecode.swift; path = ParentNavigationViewController.swift; sourceTree = "<group>"; };
		11151799278E051A00BBBB0D /* ThreadViewController.swift */ = {isa = PBXFileReference; fileEncoding = 4; lastKnownFileType = sourcecode.swift; path = ThreadViewController.swift; sourceTree = "<group>"; };
		1115179A278E051A00BBBB0D /* ThreadCell.swift */ = {isa = PBXFileReference; fileEncoding = 4; lastKnownFileType = sourcecode.swift; path = ThreadCell.swift; sourceTree = "<group>"; };
		1145A477279F0CD8009C0790 /* NewThreadCustomFieldsPopupViewController.swift */ = {isa = PBXFileReference; lastKnownFileType = sourcecode.swift; path = NewThreadCustomFieldsPopupViewController.swift; sourceTree = "<group>"; };
		1156AE222784E67100CEFC0F /* Assets.xcassets */ = {isa = PBXFileReference; lastKnownFileType = folder.assetcatalog; path = Assets.xcassets; sourceTree = "<group>"; };
		1193DCC32795D4800087AB5F /* CountDownLabel.swift */ = {isa = PBXFileReference; lastKnownFileType = sourcecode.swift; path = CountDownLabel.swift; sourceTree = "<group>"; };
		1193DCCE2795D9640087AB5F /* LTMorphingLabel+Fall.swift */ = {isa = PBXFileReference; fileEncoding = 4; lastKnownFileType = sourcecode.swift; path = "LTMorphingLabel+Fall.swift"; sourceTree = "<group>"; };
		1193DCCF2795D9640087AB5F /* LTMorphingLabel.h */ = {isa = PBXFileReference; fileEncoding = 4; lastKnownFileType = sourcecode.c.h; path = LTMorphingLabel.h; sourceTree = "<group>"; };
		1193DCD02795D9640087AB5F /* LTEasing.swift */ = {isa = PBXFileReference; fileEncoding = 4; lastKnownFileType = sourcecode.swift; path = LTEasing.swift; sourceTree = "<group>"; };
		1193DCD12795D9640087AB5F /* LTEmitterView.swift */ = {isa = PBXFileReference; fileEncoding = 4; lastKnownFileType = sourcecode.swift; path = LTEmitterView.swift; sourceTree = "<group>"; };
		1193DCD22795D9640087AB5F /* LTCharacterLimbo.swift */ = {isa = PBXFileReference; fileEncoding = 4; lastKnownFileType = sourcecode.swift; path = LTCharacterLimbo.swift; sourceTree = "<group>"; };
		1193DCD42795D9640087AB5F /* Fire.png */ = {isa = PBXFileReference; lastKnownFileType = image.png; path = Fire.png; sourceTree = "<group>"; };
		1193DCD52795D9640087AB5F /* Sparkle.png */ = {isa = PBXFileReference; lastKnownFileType = image.png; path = Sparkle.png; sourceTree = "<group>"; };
		1193DCD62795D9640087AB5F /* Fragment.png */ = {isa = PBXFileReference; lastKnownFileType = image.png; path = Fragment.png; sourceTree = "<group>"; };
		1193DCD72795D9640087AB5F /* Smoke.png */ = {isa = PBXFileReference; lastKnownFileType = image.png; path = Smoke.png; sourceTree = "<group>"; };
		1193DCD92795D9640087AB5F /* LTCharacterDiffResult.swift */ = {isa = PBXFileReference; fileEncoding = 4; lastKnownFileType = sourcecode.swift; path = LTCharacterDiffResult.swift; sourceTree = "<group>"; };
		1193DCDA2795D9640087AB5F /* LTMorphingLabel+Evaporate.swift */ = {isa = PBXFileReference; fileEncoding = 4; lastKnownFileType = sourcecode.swift; path = "LTMorphingLabel+Evaporate.swift"; sourceTree = "<group>"; };
		1193DCDB2795D9640087AB5F /* LTStringDiffResult.swift */ = {isa = PBXFileReference; fileEncoding = 4; lastKnownFileType = sourcecode.swift; path = LTStringDiffResult.swift; sourceTree = "<group>"; };
		1193DCDC2795D9640087AB5F /* LTMorphingLabel+Burn.swift */ = {isa = PBXFileReference; fileEncoding = 4; lastKnownFileType = sourcecode.swift; path = "LTMorphingLabel+Burn.swift"; sourceTree = "<group>"; };
		1193DCDD2795D9640087AB5F /* LTMorphingLabel.swift */ = {isa = PBXFileReference; fileEncoding = 4; lastKnownFileType = sourcecode.swift; path = LTMorphingLabel.swift; sourceTree = "<group>"; };
		1193DCDE2795D9640087AB5F /* LTMorphingLabel+Anvil.swift */ = {isa = PBXFileReference; fileEncoding = 4; lastKnownFileType = sourcecode.swift; path = "LTMorphingLabel+Anvil.swift"; sourceTree = "<group>"; };
		1193DCDF2795D9640087AB5F /* LTMorphingLabel+Sparkle.swift */ = {isa = PBXFileReference; fileEncoding = 4; lastKnownFileType = sourcecode.swift; path = "LTMorphingLabel+Sparkle.swift"; sourceTree = "<group>"; };
		1193DCE02795D9640087AB5F /* LTMorphingLabel+Pixelate.swift */ = {isa = PBXFileReference; fileEncoding = 4; lastKnownFileType = sourcecode.swift; path = "LTMorphingLabel+Pixelate.swift"; sourceTree = "<group>"; };
		1193DCE12795D9640087AB5F /* LTMorphingEffect.swift */ = {isa = PBXFileReference; fileEncoding = 4; lastKnownFileType = sourcecode.swift; path = LTMorphingEffect.swift; sourceTree = "<group>"; };
		1193DCE42795D9640087AB5F /* MorphingText.swift */ = {isa = PBXFileReference; fileEncoding = 4; lastKnownFileType = sourcecode.swift; path = MorphingText.swift; sourceTree = "<group>"; };
		119A393B27888E0200002408 /* Extensions.swift */ = {isa = PBXFileReference; lastKnownFileType = sourcecode.swift; path = Extensions.swift; sourceTree = "<group>"; };
		11F1C81927AB0FB40018BD19 /* ConfigChooser.swift */ = {isa = PBXFileReference; lastKnownFileType = sourcecode.swift; path = ConfigChooser.swift; sourceTree = "<group>"; };
		11F6137427BEBB71007BD941 /* LoginViewController.swift */ = {isa = PBXFileReference; lastKnownFileType = sourcecode.swift; path = LoginViewController.swift; sourceTree = "<group>"; };
		11F6137727BEC084007BD941 /* Base */ = {isa = PBXFileReference; lastKnownFileType = file.storyboard; name = Base; path = iOSSDKExample/Base.lproj/Login.storyboard; sourceTree = "<group>"; };
		27294B302818855A00E18A18 /* awsconfiguration.json */ = {isa = PBXFileReference; lastKnownFileType = text.json; path = awsconfiguration.json; sourceTree = "<group>"; };
		27A0175C27A305AD00F3D6C5 /* iOSSDKExampleTests.xctest */ = {isa = PBXFileReference; explicitFileType = wrapper.cfbundle; includeInIndex = 0; path = iOSSDKExampleTests.xctest; sourceTree = BUILT_PRODUCTS_DIR; };
		27A0175E27A305AD00F3D6C5 /* iOSSDKExampleTests.swift */ = {isa = PBXFileReference; lastKnownFileType = sourcecode.swift; path = iOSSDKExampleTests.swift; sourceTree = "<group>"; };
		27A0176927A305C400F3D6C5 /* iOSSDKExampleUITests.xctest */ = {isa = PBXFileReference; explicitFileType = wrapper.cfbundle; includeInIndex = 0; path = iOSSDKExampleUITests.xctest; sourceTree = BUILT_PRODUCTS_DIR; };
		27A0176B27A305C400F3D6C5 /* iOSSDKExampleUITests.swift */ = {isa = PBXFileReference; lastKnownFileType = sourcecode.swift; path = iOSSDKExampleUITests.swift; sourceTree = "<group>"; };
		27A0176D27A305C400F3D6C5 /* iOSSDKExampleUITestsLaunchTests.swift */ = {isa = PBXFileReference; lastKnownFileType = sourcecode.swift; path = iOSSDKExampleUITestsLaunchTests.swift; sourceTree = "<group>"; };
		D47DFB442714CB9A0085407E /* Media.xcassets */ = {isa = PBXFileReference; lastKnownFileType = folder.assetcatalog; path = Media.xcassets; sourceTree = "<group>"; };
		D4D4EE4226E11A3E002BE857 /* iOSSDKExample.app */ = {isa = PBXFileReference; explicitFileType = wrapper.application; includeInIndex = 0; path = iOSSDKExample.app; sourceTree = BUILT_PRODUCTS_DIR; };
		D4D4EE4526E11A3E002BE857 /* AppDelegate.swift */ = {isa = PBXFileReference; lastKnownFileType = sourcecode.swift; path = AppDelegate.swift; sourceTree = "<group>"; };
		D4D4EE4726E11A3E002BE857 /* SceneDelegate.swift */ = {isa = PBXFileReference; lastKnownFileType = sourcecode.swift; path = SceneDelegate.swift; sourceTree = "<group>"; };
		D4D4EE4C26E11A3E002BE857 /* Base */ = {isa = PBXFileReference; lastKnownFileType = file.storyboard; name = Base; path = Base.lproj/Main.storyboard; sourceTree = "<group>"; };
		D4D4EE5126E11A3F002BE857 /* Base */ = {isa = PBXFileReference; lastKnownFileType = file.storyboard; name = Base; path = Base.lproj/LaunchScreen.storyboard; sourceTree = "<group>"; };
		D4D4EE5326E11A3F002BE857 /* Info.plist */ = {isa = PBXFileReference; lastKnownFileType = text.plist.xml; path = Info.plist; sourceTree = "<group>"; };
/* End PBXFileReference section */

/* Begin PBXFrameworksBuildPhase section */
		27A0175927A305AD00F3D6C5 /* Frameworks */ = {
			isa = PBXFrameworksBuildPhase;
			buildActionMask = 2147483647;
			files = (
				11A3930127BC614D0030B02B /* (null) in Frameworks */,
				11B4E36C27B6F30E00EBC3E7 /* CXOneChatSDK in Frameworks */,
				11A3930227BC614D0030B02B /* (null) in Frameworks */,
				11D4175027BC12B30082F31E /* CXOneChatSDK in Frameworks */,
				118B058A27BD8EC1004D725E /* (null) in Frameworks */,
				112A7A8927A35FFE003D4542 /* ActivityIndicator in Frameworks */,
			);
			runOnlyForDeploymentPostprocessing = 0;
		};
		27A0176627A305C400F3D6C5 /* Frameworks */ = {
			isa = PBXFrameworksBuildPhase;
			buildActionMask = 2147483647;
			files = (
			);
			runOnlyForDeploymentPostprocessing = 0;
		};
		D4D4EE3F26E11A3E002BE857 /* Frameworks */ = {
			isa = PBXFrameworksBuildPhase;
			buildActionMask = 2147483647;
			files = (
				110AC6F427C5B62E00ADA6EB /* SafariServices.framework in Frameworks */,
				110AC6F227C5B62100ADA6EB /* Security.framework in Frameworks */,
				1194B9F927BC65CF005AADCE /* IQKeyboardManagerSwift in Frameworks */,
				118B058F27BD92A8004D725E /* ActivityIndicator in Frameworks */,
				27294B34281895D400E18A18 /* CXOneChatSDK in Frameworks */,
				114BCCE027CD2FA4001BCCF0 /* Toast in Frameworks */,
				118B058D27BD91AF004D725E /* Kingfisher in Frameworks */,
				110AC6F027C5B4D000ADA6EB /* LoginWithAmazon.framework in Frameworks */,
				270322CA27C99B0300B1F9E0 /* PKCE in Frameworks */,
			);
			runOnlyForDeploymentPostprocessing = 0;
		};
/* End PBXFrameworksBuildPhase section */

/* Begin PBXGroup section */
		11151785278E051900BBBB0D /* Controller */ = {
			isa = PBXGroup;
			children = (
				11151786278E051900BBBB0D /* AlertService.swift */,
				11151787278E051900BBBB0D /* Extension.swift */,
				1193DCC32795D4800087AB5F /* CountDownLabel.swift */,
				1193DCCD2795D9640087AB5F /* LTMorphingLabel */,
			);
			path = Controller;
			sourceTree = "<group>";
		};
		11151788278E051900BBBB0D /* Views */ = {
			isa = PBXGroup;
			children = (
				11151789278E051900BBBB0D /* Popup */,
				1115178B278E051900BBBB0D /* Chat */,
				11151797278E051A00BBBB0D /* ParentNavigationViewController.swift */,
				11151798278E051A00BBBB0D /* Thread */,
				11F6137427BEBB71007BD941 /* LoginViewController.swift */,
			);
			path = Views;
			sourceTree = "<group>";
		};
		11151789278E051900BBBB0D /* Popup */ = {
			isa = PBXGroup;
			children = (
				1115178A278E051900BBBB0D /* PopupViewController.swift */,
				1145A477279F0CD8009C0790 /* NewThreadCustomFieldsPopupViewController.swift */,
			);
			path = Popup;
			sourceTree = "<group>";
		};
		1115178B278E051900BBBB0D /* Chat */ = {
			isa = PBXGroup;
			children = (
				1115178C278E051900BBBB0D /* Custom */,
			);
			path = Chat;
			sourceTree = "<group>";
		};
		1115178C278E051900BBBB0D /* Custom */ = {
			isa = PBXGroup;
			children = (
				1115178D278E051900BBBB0D /* ChatViewController.swift */,
				1115178E278E051A00BBBB0D /* ChatViewController+MessageLabelDelegate.swift */,
				1115178F278E051A00BBBB0D /* CustomChatViewController.swift */,
				11151790278E051A00BBBB0D /* EditCustomFieldsViewController.swift */,
				11151791278E051A00BBBB0D /* Cell */,
				11151795278E051A00BBBB0D /* CameraInputBarAccessoryView.swift */,
				11151796278E051A00BBBB0D /* ChatViewController+MessageCellDelegate.swift */,
				11F1C81927AB0FB40018BD19 /* ConfigChooser.swift */,
			);
			path = Custom;
			sourceTree = "<group>";
		};
		11151791278E051A00BBBB0D /* Cell */ = {
			isa = PBXGroup;
			children = (
				11151792278E051A00BBBB0D /* ImageCarousel.swift */,
				11151793278E051A00BBBB0D /* PressableButton.swift */,
				11151794278E051A00BBBB0D /* MessageCollectionViewCell.swift */,
			);
			path = Cell;
			sourceTree = "<group>";
		};
		11151798278E051A00BBBB0D /* Thread */ = {
			isa = PBXGroup;
			children = (
				11151799278E051A00BBBB0D /* ThreadViewController.swift */,
				1115179A278E051A00BBBB0D /* ThreadCell.swift */,
			);
			path = Thread;
			sourceTree = "<group>";
		};
		1193DCCD2795D9640087AB5F /* LTMorphingLabel */ = {
			isa = PBXGroup;
			children = (
				1193DCCE2795D9640087AB5F /* LTMorphingLabel+Fall.swift */,
				1193DCCF2795D9640087AB5F /* LTMorphingLabel.h */,
				1193DCD02795D9640087AB5F /* LTEasing.swift */,
				1193DCD12795D9640087AB5F /* LTEmitterView.swift */,
				1193DCD22795D9640087AB5F /* LTCharacterLimbo.swift */,
				1193DCD32795D9640087AB5F /* Particles */,
				1193DCD92795D9640087AB5F /* LTCharacterDiffResult.swift */,
				1193DCDA2795D9640087AB5F /* LTMorphingLabel+Evaporate.swift */,
				1193DCDB2795D9640087AB5F /* LTStringDiffResult.swift */,
				1193DCDC2795D9640087AB5F /* LTMorphingLabel+Burn.swift */,
				1193DCDD2795D9640087AB5F /* LTMorphingLabel.swift */,
				1193DCDE2795D9640087AB5F /* LTMorphingLabel+Anvil.swift */,
				1193DCDF2795D9640087AB5F /* LTMorphingLabel+Sparkle.swift */,
				1193DCE02795D9640087AB5F /* LTMorphingLabel+Pixelate.swift */,
				1193DCE12795D9640087AB5F /* LTMorphingEffect.swift */,
				1193DCE32795D9640087AB5F /* SwiftUI */,
			);
			path = LTMorphingLabel;
			sourceTree = "<group>";
		};
		1193DCD32795D9640087AB5F /* Particles */ = {
			isa = PBXGroup;
			children = (
				1193DCD42795D9640087AB5F /* Fire.png */,
				1193DCD52795D9640087AB5F /* Sparkle.png */,
				1193DCD62795D9640087AB5F /* Fragment.png */,
				1193DCD72795D9640087AB5F /* Smoke.png */,
			);
			path = Particles;
			sourceTree = "<group>";
		};
		1193DCE32795D9640087AB5F /* SwiftUI */ = {
			isa = PBXGroup;
			children = (
				1193DCE42795D9640087AB5F /* MorphingText.swift */,
			);
			path = SwiftUI;
			sourceTree = "<group>";
		};
		119A393A27888DF100002408 /* Extension */ = {
			isa = PBXGroup;
			children = (
				119A393B27888E0200002408 /* Extensions.swift */,
				110AC6E927C55BA000ADA6EB /* iOSSDKExample-Bridging-Header.h */,
				110AC6E827C55BA000ADA6EB /* Test.h */,
				110AC6EA27C55BA000ADA6EB /* Test.m */,
			);
			path = Extension;
			sourceTree = "<group>";
		};
		27294B2F2818853300E18A18 /* Resources */ = {
			isa = PBXGroup;
			children = (
				27294B302818855A00E18A18 /* awsconfiguration.json */,
			);
			path = Resources;
			sourceTree = "<group>";
		};
		27A0175D27A305AD00F3D6C5 /* iOSSDKExampleTests */ = {
			isa = PBXGroup;
			children = (
				27A0175E27A305AD00F3D6C5 /* iOSSDKExampleTests.swift */,
			);
			path = iOSSDKExampleTests;
			sourceTree = "<group>";
		};
		27A0176A27A305C400F3D6C5 /* iOSSDKExampleUITests */ = {
			isa = PBXGroup;
			children = (
				27A0176B27A305C400F3D6C5 /* iOSSDKExampleUITests.swift */,
				27A0176D27A305C400F3D6C5 /* iOSSDKExampleUITestsLaunchTests.swift */,
			);
			path = iOSSDKExampleUITests;
			sourceTree = "<group>";
		};
		D456ABA6270CE60600E9828B /* Frameworks */ = {
			isa = PBXGroup;
			children = (
				110AC6F327C5B62E00ADA6EB /* SafariServices.framework */,
				110AC6F127C5B62100ADA6EB /* Security.framework */,
			);
			name = Frameworks;
			sourceTree = "<group>";
		};
		D4D4EE3926E11A3E002BE857 = {
			isa = PBXGroup;
			children = (
				D4D4EE4426E11A3E002BE857 /* iOSSDKExample */,
				27A0175D27A305AD00F3D6C5 /* iOSSDKExampleTests */,
				27A0176A27A305C400F3D6C5 /* iOSSDKExampleUITests */,
				D4D4EE4326E11A3E002BE857 /* Products */,
				D456ABA6270CE60600E9828B /* Frameworks */,
			);
			sourceTree = "<group>";
		};
		D4D4EE4326E11A3E002BE857 /* Products */ = {
			isa = PBXGroup;
			children = (
				D4D4EE4226E11A3E002BE857 /* iOSSDKExample.app */,
				27A0175C27A305AD00F3D6C5 /* iOSSDKExampleTests.xctest */,
				27A0176927A305C400F3D6C5 /* iOSSDKExampleUITests.xctest */,
			);
			name = Products;
			sourceTree = "<group>";
		};
		D4D4EE4426E11A3E002BE857 /* iOSSDKExample */ = {
			isa = PBXGroup;
			children = (
				27294B2F2818853300E18A18 /* Resources */,
				110AC6EF27C5B4D000ADA6EB /* LoginWithAmazon.framework */,
				11151785278E051900BBBB0D /* Controller */,
				11151788278E051900BBBB0D /* Views */,
				119A393A27888DF100002408 /* Extension */,
				1156AE222784E67100CEFC0F /* Assets.xcassets */,
				D4D4EE4526E11A3E002BE857 /* AppDelegate.swift */,
				D4D4EE4726E11A3E002BE857 /* SceneDelegate.swift */,
				11F6137627BEC084007BD941 /* Login.storyboard */,
				D4D4EE4B26E11A3E002BE857 /* Main.storyboard */,
				D4D4EE5026E11A3F002BE857 /* LaunchScreen.storyboard */,
				D4D4EE5326E11A3F002BE857 /* Info.plist */,
				D47DFB442714CB9A0085407E /* Media.xcassets */,
			);
			path = iOSSDKExample;
			sourceTree = "<group>";
		};
/* End PBXGroup section */

/* Begin PBXNativeTarget section */
		27A0175B27A305AD00F3D6C5 /* iOSSDKExampleTests */ = {
			isa = PBXNativeTarget;
			buildConfigurationList = 27A0176227A305AD00F3D6C5 /* Build configuration list for PBXNativeTarget "iOSSDKExampleTests" */;
			buildPhases = (
				27A0175827A305AD00F3D6C5 /* Sources */,
				27A0175927A305AD00F3D6C5 /* Frameworks */,
				27A0175A27A305AD00F3D6C5 /* Resources */,
			);
			buildRules = (
			);
			dependencies = (
				27A0176127A305AD00F3D6C5 /* PBXTargetDependency */,
			);
			name = iOSSDKExampleTests;
			productName = iOSSDKExampleTests;
			productReference = 27A0175C27A305AD00F3D6C5 /* iOSSDKExampleTests.xctest */;
			productType = "com.apple.product-type.bundle.unit-test";
		};
		27A0176827A305C400F3D6C5 /* iOSSDKExampleUITests */ = {
			isa = PBXNativeTarget;
			buildConfigurationList = 27A0177127A305C400F3D6C5 /* Build configuration list for PBXNativeTarget "iOSSDKExampleUITests" */;
			buildPhases = (
				27A0176527A305C400F3D6C5 /* Sources */,
				27A0176627A305C400F3D6C5 /* Frameworks */,
				27A0176727A305C400F3D6C5 /* Resources */,
			);
			buildRules = (
			);
			dependencies = (
				27A0177027A305C400F3D6C5 /* PBXTargetDependency */,
			);
			name = iOSSDKExampleUITests;
			productName = iOSSDKExampleUITests;
			productReference = 27A0176927A305C400F3D6C5 /* iOSSDKExampleUITests.xctest */;
			productType = "com.apple.product-type.bundle.ui-testing";
		};
		D4D4EE4126E11A3E002BE857 /* iOSSDKExample */ = {
			isa = PBXNativeTarget;
			buildConfigurationList = D4D4EE6C26E11A3F002BE857 /* Build configuration list for PBXNativeTarget "iOSSDKExample" */;
			buildPhases = (
				D4D4EE3E26E11A3E002BE857 /* Sources */,
				D4D4EE3F26E11A3E002BE857 /* Frameworks */,
				D4D4EE4026E11A3E002BE857 /* Resources */,
			);
			buildRules = (
			);
			dependencies = (
			);
			name = iOSSDKExample;
			packageProductDependencies = (
				1194B9F827BC65CF005AADCE /* IQKeyboardManagerSwift */,
				118B058C27BD91AF004D725E /* Kingfisher */,
				118B058E27BD92A8004D725E /* ActivityIndicator */,
				114BCCDF27CD2FA4001BCCF0 /* Toast */,
				270322C927C99B0300B1F9E0 /* PKCE */,
				27294B33281895D400E18A18 /* CXOneChatSDK */,
			);
			productName = iOSSDKExample;
			productReference = D4D4EE4226E11A3E002BE857 /* iOSSDKExample.app */;
			productType = "com.apple.product-type.application";
		};
/* End PBXNativeTarget section */

/* Begin PBXProject section */
		D4D4EE3A26E11A3E002BE857 /* Project object */ = {
			isa = PBXProject;
			attributes = {
				LastSwiftUpdateCheck = 1320;
				LastUpgradeCheck = 1320;
				TargetAttributes = {
					27A0175B27A305AD00F3D6C5 = {
						CreatedOnToolsVersion = 13.2.1;
						TestTargetID = D4D4EE4126E11A3E002BE857;
					};
					27A0176827A305C400F3D6C5 = {
						CreatedOnToolsVersion = 13.2.1;
						TestTargetID = D4D4EE4126E11A3E002BE857;
					};
					D4D4EE4126E11A3E002BE857 = {
						CreatedOnToolsVersion = 12.5.1;
						LastSwiftMigration = 1320;
					};
				};
			};
			buildConfigurationList = D4D4EE3D26E11A3E002BE857 /* Build configuration list for PBXProject "iOSSDKExample" */;
			compatibilityVersion = "Xcode 9.3";
			developmentRegion = en;
			hasScannedForEncodings = 0;
			knownRegions = (
				en,
				Base,
			);
			mainGroup = D4D4EE3926E11A3E002BE857;
			packageReferences = (
				1194B9F727BC65CF005AADCE /* XCRemoteSwiftPackageReference "IQKeyboardManager" */,
				112A7A8727A35FFE003D4542 /* XCRemoteSwiftPackageReference "ActivityIndicator" */,
				118B058B27BD91AF004D725E /* XCRemoteSwiftPackageReference "Kingfisher" */,
				114BCCDE27CD2FA4001BCCF0 /* XCRemoteSwiftPackageReference "Toast-Swift" */,
				270322C827C99B0300B1F9E0 /* XCRemoteSwiftPackageReference "swift-pkce" */,
				27294B32281895D400E18A18 /* XCRemoteSwiftPackageReference "nice-cxone-mobile-sdk-ios" */,
			);
			productRefGroup = D4D4EE4326E11A3E002BE857 /* Products */;
			projectDirPath = "";
			projectRoot = "";
			targets = (
				D4D4EE4126E11A3E002BE857 /* iOSSDKExample */,
				27A0175B27A305AD00F3D6C5 /* iOSSDKExampleTests */,
				27A0176827A305C400F3D6C5 /* iOSSDKExampleUITests */,
			);
		};
/* End PBXProject section */

/* Begin PBXResourcesBuildPhase section */
		27A0175A27A305AD00F3D6C5 /* Resources */ = {
			isa = PBXResourcesBuildPhase;
			buildActionMask = 2147483647;
			files = (
			);
			runOnlyForDeploymentPostprocessing = 0;
		};
		27A0176727A305C400F3D6C5 /* Resources */ = {
			isa = PBXResourcesBuildPhase;
			buildActionMask = 2147483647;
			files = (
			);
			runOnlyForDeploymentPostprocessing = 0;
		};
		D4D4EE4026E11A3E002BE857 /* Resources */ = {
			isa = PBXResourcesBuildPhase;
			buildActionMask = 2147483647;
			files = (
				27294B312818855A00E18A18 /* awsconfiguration.json in Resources */,
				1193DCEB2795D9640087AB5F /* Fragment.png in Resources */,
				1193DCEA2795D9640087AB5F /* Sparkle.png in Resources */,
				D4D4EE5226E11A3F002BE857 /* LaunchScreen.storyboard in Resources */,
				1193DCEC2795D9640087AB5F /* Smoke.png in Resources */,
				D47DFB452714CB9A0085407E /* Media.xcassets in Resources */,
				1193DCE92795D9640087AB5F /* Fire.png in Resources */,
				1156AE232784E67100CEFC0F /* Assets.xcassets in Resources */,
				D4D4EE4D26E11A3E002BE857 /* Main.storyboard in Resources */,
				11F6137827BEC084007BD941 /* Login.storyboard in Resources */,
			);
			runOnlyForDeploymentPostprocessing = 0;
		};
/* End PBXResourcesBuildPhase section */

/* Begin PBXSourcesBuildPhase section */
		27A0175827A305AD00F3D6C5 /* Sources */ = {
			isa = PBXSourcesBuildPhase;
			buildActionMask = 2147483647;
			files = (
				27A0175F27A305AD00F3D6C5 /* iOSSDKExampleTests.swift in Sources */,
			);
			runOnlyForDeploymentPostprocessing = 0;
		};
		27A0176527A305C400F3D6C5 /* Sources */ = {
			isa = PBXSourcesBuildPhase;
			buildActionMask = 2147483647;
			files = (
				27A0176E27A305C400F3D6C5 /* iOSSDKExampleUITestsLaunchTests.swift in Sources */,
				27A0176C27A305C400F3D6C5 /* iOSSDKExampleUITests.swift in Sources */,
			);
			runOnlyForDeploymentPostprocessing = 0;
		};
		D4D4EE3E26E11A3E002BE857 /* Sources */ = {
			isa = PBXSourcesBuildPhase;
			buildActionMask = 2147483647;
			files = (
				110AC6EB27C55BA000ADA6EB /* Test.m in Sources */,
				D4D4EE4626E11A3E002BE857 /* AppDelegate.swift in Sources */,
				D4D4EE4826E11A3E002BE857 /* SceneDelegate.swift in Sources */,
				1193DCEF2795D9650087AB5F /* LTMorphingLabel+Evaporate.swift in Sources */,
				1193DCF52795D9650087AB5F /* LTMorphingLabel+Pixelate.swift in Sources */,
				1193DCE72795D9640087AB5F /* LTEmitterView.swift in Sources */,
				111517A3278E051A00BBBB0D /* PressableButton.swift in Sources */,
				1193DCE62795D9640087AB5F /* LTEasing.swift in Sources */,
				119A393C27888E0200002408 /* Extensions.swift in Sources */,
				1193DCC42795D4800087AB5F /* CountDownLabel.swift in Sources */,
				111517A9278E051A00BBBB0D /* ThreadCell.swift in Sources */,
				1115179E278E051A00BBBB0D /* ChatViewController.swift in Sources */,
				111517A5278E051A00BBBB0D /* CameraInputBarAccessoryView.swift in Sources */,
				11F1C81A27AB0FB40018BD19 /* ConfigChooser.swift in Sources */,
				111517A2278E051A00BBBB0D /* ImageCarousel.swift in Sources */,
				1193DCF62795D9650087AB5F /* LTMorphingEffect.swift in Sources */,
				1115179F278E051A00BBBB0D /* ChatViewController+MessageLabelDelegate.swift in Sources */,
				1193DCF02795D9650087AB5F /* LTStringDiffResult.swift in Sources */,
				1193DCF42795D9650087AB5F /* LTMorphingLabel+Sparkle.swift in Sources */,
				111517A1278E051A00BBBB0D /* EditCustomFieldsViewController.swift in Sources */,
				111517A8278E051A00BBBB0D /* ThreadViewController.swift in Sources */,
				111517A6278E051A00BBBB0D /* ChatViewController+MessageCellDelegate.swift in Sources */,
				1193DCF22795D9650087AB5F /* LTMorphingLabel.swift in Sources */,
				111517A4278E051A00BBBB0D /* MessageCollectionViewCell.swift in Sources */,
				11F6137527BEBB71007BD941 /* LoginViewController.swift in Sources */,
				1145A478279F0CD8009C0790 /* NewThreadCustomFieldsPopupViewController.swift in Sources */,
				1193DCE82795D9640087AB5F /* LTCharacterLimbo.swift in Sources */,
				111517A7278E051A00BBBB0D /* ParentNavigationViewController.swift in Sources */,
				1193DCE52795D9640087AB5F /* LTMorphingLabel+Fall.swift in Sources */,
				111517A0278E051A00BBBB0D /* CustomChatViewController.swift in Sources */,
				1193DCF12795D9650087AB5F /* LTMorphingLabel+Burn.swift in Sources */,
				1115179B278E051A00BBBB0D /* AlertService.swift in Sources */,
				1115179C278E051A00BBBB0D /* Extension.swift in Sources */,
				1193DCF82795D9650087AB5F /* MorphingText.swift in Sources */,
				1193DCEE2795D9650087AB5F /* LTCharacterDiffResult.swift in Sources */,
				1115179D278E051A00BBBB0D /* PopupViewController.swift in Sources */,
				1193DCF32795D9650087AB5F /* LTMorphingLabel+Anvil.swift in Sources */,
			);
			runOnlyForDeploymentPostprocessing = 0;
		};
/* End PBXSourcesBuildPhase section */

/* Begin PBXTargetDependency section */
		27A0176127A305AD00F3D6C5 /* PBXTargetDependency */ = {
			isa = PBXTargetDependency;
			target = D4D4EE4126E11A3E002BE857 /* iOSSDKExample */;
			targetProxy = 27A0176027A305AD00F3D6C5 /* PBXContainerItemProxy */;
		};
		27A0177027A305C400F3D6C5 /* PBXTargetDependency */ = {
			isa = PBXTargetDependency;
			target = D4D4EE4126E11A3E002BE857 /* iOSSDKExample */;
			targetProxy = 27A0176F27A305C400F3D6C5 /* PBXContainerItemProxy */;
		};
/* End PBXTargetDependency section */

/* Begin PBXVariantGroup section */
		11F6137627BEC084007BD941 /* Login.storyboard */ = {
			isa = PBXVariantGroup;
			children = (
				11F6137727BEC084007BD941 /* Base */,
			);
			name = Login.storyboard;
			sourceTree = "<group>";
		};
		D4D4EE4B26E11A3E002BE857 /* Main.storyboard */ = {
			isa = PBXVariantGroup;
			children = (
				D4D4EE4C26E11A3E002BE857 /* Base */,
			);
			name = Main.storyboard;
			sourceTree = "<group>";
		};
		D4D4EE5026E11A3F002BE857 /* LaunchScreen.storyboard */ = {
			isa = PBXVariantGroup;
			children = (
				D4D4EE5126E11A3F002BE857 /* Base */,
			);
			name = LaunchScreen.storyboard;
			sourceTree = "<group>";
		};
/* End PBXVariantGroup section */

/* Begin XCBuildConfiguration section */
		27A0176327A305AD00F3D6C5 /* Debug */ = {
			isa = XCBuildConfiguration;
			buildSettings = {
				BUNDLE_LOADER = "$(TEST_HOST)";
				CLANG_CXX_LANGUAGE_STANDARD = "gnu++17";
				CODE_SIGN_STYLE = Automatic;
				CURRENT_PROJECT_VERSION = 1;
				DEVELOPMENT_TEAM = UK8ZTJLF6D;
				GENERATE_INFOPLIST_FILE = YES;
				IPHONEOS_DEPLOYMENT_TARGET = 14.5;
				MARKETING_VERSION = 1.0;
				PRODUCT_BUNDLE_IDENTIFIER = incontact.mobileSDK.iOSSDKExampleTests;
				PRODUCT_NAME = "$(TARGET_NAME)";
				SWIFT_EMIT_LOC_STRINGS = NO;
				SWIFT_VERSION = 5.0;
				TARGETED_DEVICE_FAMILY = "1,2";
				TEST_HOST = "$(BUILT_PRODUCTS_DIR)/iOSSDKExample.app/iOSSDKExample";
			};
			name = Debug;
		};
		27A0176427A305AD00F3D6C5 /* Release */ = {
			isa = XCBuildConfiguration;
			buildSettings = {
				BUNDLE_LOADER = "$(TEST_HOST)";
				CLANG_CXX_LANGUAGE_STANDARD = "gnu++17";
				CODE_SIGN_STYLE = Automatic;
				CURRENT_PROJECT_VERSION = 1;
				DEVELOPMENT_TEAM = UK8ZTJLF6D;
				GENERATE_INFOPLIST_FILE = YES;
				IPHONEOS_DEPLOYMENT_TARGET = 14.5;
				MARKETING_VERSION = 1.0;
				PRODUCT_BUNDLE_IDENTIFIER = incontact.mobileSDK.iOSSDKExampleTests;
				PRODUCT_NAME = "$(TARGET_NAME)";
				SWIFT_EMIT_LOC_STRINGS = NO;
				SWIFT_VERSION = 5.0;
				TARGETED_DEVICE_FAMILY = "1,2";
				TEST_HOST = "$(BUILT_PRODUCTS_DIR)/iOSSDKExample.app/iOSSDKExample";
			};
			name = Release;
		};
		27A0177227A305C400F3D6C5 /* Debug */ = {
			isa = XCBuildConfiguration;
			buildSettings = {
				CLANG_CXX_LANGUAGE_STANDARD = "gnu++17";
				CODE_SIGN_STYLE = Automatic;
				CURRENT_PROJECT_VERSION = 1;
				DEVELOPMENT_TEAM = UK8ZTJLF6D;
				GENERATE_INFOPLIST_FILE = YES;
				IPHONEOS_DEPLOYMENT_TARGET = 14.5;
				MARKETING_VERSION = 1.0;
				PRODUCT_BUNDLE_IDENTIFIER = incontact.mobileSDK.iOSSDKExampleUITests;
				PRODUCT_NAME = "$(TARGET_NAME)";
				SWIFT_EMIT_LOC_STRINGS = NO;
				SWIFT_VERSION = 5.0;
				TARGETED_DEVICE_FAMILY = "1,2";
				TEST_TARGET_NAME = iOSSDKExample;
			};
			name = Debug;
		};
		27A0177327A305C400F3D6C5 /* Release */ = {
			isa = XCBuildConfiguration;
			buildSettings = {
				CLANG_CXX_LANGUAGE_STANDARD = "gnu++17";
				CODE_SIGN_STYLE = Automatic;
				CURRENT_PROJECT_VERSION = 1;
				DEVELOPMENT_TEAM = UK8ZTJLF6D;
				GENERATE_INFOPLIST_FILE = YES;
				IPHONEOS_DEPLOYMENT_TARGET = 14.5;
				MARKETING_VERSION = 1.0;
				ONLY_ACTIVE_ARCH = YES;
				PRODUCT_BUNDLE_IDENTIFIER = incontact.mobileSDK.iOSSDKExampleUITests;
				PRODUCT_NAME = "$(TARGET_NAME)";
				SWIFT_EMIT_LOC_STRINGS = NO;
				SWIFT_VERSION = 5.0;
				TARGETED_DEVICE_FAMILY = "1,2";
				TEST_TARGET_NAME = iOSSDKExample;
			};
			name = Release;
		};
		D4D4EE6A26E11A3F002BE857 /* Debug */ = {
			isa = XCBuildConfiguration;
			buildSettings = {
				ALWAYS_SEARCH_USER_PATHS = NO;
				CLANG_ANALYZER_NONNULL = YES;
				CLANG_ANALYZER_NUMBER_OBJECT_CONVERSION = YES_AGGRESSIVE;
				CLANG_CXX_LANGUAGE_STANDARD = "gnu++14";
				CLANG_CXX_LIBRARY = "libc++";
				CLANG_ENABLE_MODULES = YES;
				CLANG_ENABLE_OBJC_ARC = YES;
				CLANG_ENABLE_OBJC_WEAK = YES;
				CLANG_WARN_BLOCK_CAPTURE_AUTORELEASING = YES;
				CLANG_WARN_BOOL_CONVERSION = YES;
				CLANG_WARN_COMMA = YES;
				CLANG_WARN_CONSTANT_CONVERSION = YES;
				CLANG_WARN_DEPRECATED_OBJC_IMPLEMENTATIONS = YES;
				CLANG_WARN_DIRECT_OBJC_ISA_USAGE = YES_ERROR;
				CLANG_WARN_DOCUMENTATION_COMMENTS = YES;
				CLANG_WARN_EMPTY_BODY = YES;
				CLANG_WARN_ENUM_CONVERSION = YES;
				CLANG_WARN_INFINITE_RECURSION = YES;
				CLANG_WARN_INT_CONVERSION = YES;
				CLANG_WARN_NON_LITERAL_NULL_CONVERSION = YES;
				CLANG_WARN_OBJC_IMPLICIT_RETAIN_SELF = YES;
				CLANG_WARN_OBJC_LITERAL_CONVERSION = YES;
				CLANG_WARN_OBJC_ROOT_CLASS = YES_ERROR;
				CLANG_WARN_QUOTED_INCLUDE_IN_FRAMEWORK_HEADER = YES;
				CLANG_WARN_RANGE_LOOP_ANALYSIS = YES;
				CLANG_WARN_STRICT_PROTOTYPES = YES;
				CLANG_WARN_SUSPICIOUS_MOVE = YES;
				CLANG_WARN_UNGUARDED_AVAILABILITY = YES_AGGRESSIVE;
				CLANG_WARN_UNREACHABLE_CODE = YES;
				CLANG_WARN__DUPLICATE_METHOD_MATCH = YES;
				COPY_PHASE_STRIP = NO;
				DEBUG_INFORMATION_FORMAT = dwarf;
				ENABLE_BITCODE = NO;
				ENABLE_STRICT_OBJC_MSGSEND = YES;
				ENABLE_TESTABILITY = YES;
				GCC_C_LANGUAGE_STANDARD = gnu11;
				GCC_DYNAMIC_NO_PIC = NO;
				GCC_NO_COMMON_BLOCKS = YES;
				GCC_OPTIMIZATION_LEVEL = 0;
				GCC_PRECOMPILE_PREFIX_HEADER = NO;
				GCC_PREPROCESSOR_DEFINITIONS = (
					"DEBUG=1",
					"$(inherited)",
				);
				GCC_WARN_64_TO_32_BIT_CONVERSION = YES;
				GCC_WARN_ABOUT_RETURN_TYPE = YES_ERROR;
				GCC_WARN_UNDECLARED_SELECTOR = YES;
				GCC_WARN_UNINITIALIZED_AUTOS = YES_AGGRESSIVE;
				GCC_WARN_UNUSED_FUNCTION = YES;
				GCC_WARN_UNUSED_VARIABLE = YES;
				IPHONEOS_DEPLOYMENT_TARGET = 14.5;
				MTL_ENABLE_DEBUG_INFO = INCLUDE_SOURCE;
				MTL_FAST_MATH = YES;
				ONLY_ACTIVE_ARCH = YES;
				SDKROOT = iphoneos;
				SWIFT_ACTIVE_COMPILATION_CONDITIONS = DEBUG;
				SWIFT_OPTIMIZATION_LEVEL = "-Onone";
			};
			name = Debug;
		};
		D4D4EE6B26E11A3F002BE857 /* Release */ = {
			isa = XCBuildConfiguration;
			buildSettings = {
				ALWAYS_SEARCH_USER_PATHS = NO;
				CLANG_ANALYZER_NONNULL = YES;
				CLANG_ANALYZER_NUMBER_OBJECT_CONVERSION = YES_AGGRESSIVE;
				CLANG_CXX_LANGUAGE_STANDARD = "gnu++14";
				CLANG_CXX_LIBRARY = "libc++";
				CLANG_ENABLE_MODULES = YES;
				CLANG_ENABLE_OBJC_ARC = YES;
				CLANG_ENABLE_OBJC_WEAK = YES;
				CLANG_WARN_BLOCK_CAPTURE_AUTORELEASING = YES;
				CLANG_WARN_BOOL_CONVERSION = YES;
				CLANG_WARN_COMMA = YES;
				CLANG_WARN_CONSTANT_CONVERSION = YES;
				CLANG_WARN_DEPRECATED_OBJC_IMPLEMENTATIONS = YES;
				CLANG_WARN_DIRECT_OBJC_ISA_USAGE = YES_ERROR;
				CLANG_WARN_DOCUMENTATION_COMMENTS = YES;
				CLANG_WARN_EMPTY_BODY = YES;
				CLANG_WARN_ENUM_CONVERSION = YES;
				CLANG_WARN_INFINITE_RECURSION = YES;
				CLANG_WARN_INT_CONVERSION = YES;
				CLANG_WARN_NON_LITERAL_NULL_CONVERSION = YES;
				CLANG_WARN_OBJC_IMPLICIT_RETAIN_SELF = YES;
				CLANG_WARN_OBJC_LITERAL_CONVERSION = YES;
				CLANG_WARN_OBJC_ROOT_CLASS = YES_ERROR;
				CLANG_WARN_QUOTED_INCLUDE_IN_FRAMEWORK_HEADER = YES;
				CLANG_WARN_RANGE_LOOP_ANALYSIS = YES;
				CLANG_WARN_STRICT_PROTOTYPES = YES;
				CLANG_WARN_SUSPICIOUS_MOVE = YES;
				CLANG_WARN_UNGUARDED_AVAILABILITY = YES_AGGRESSIVE;
				CLANG_WARN_UNREACHABLE_CODE = YES;
				CLANG_WARN__DUPLICATE_METHOD_MATCH = YES;
				COPY_PHASE_STRIP = NO;
				DEBUG_INFORMATION_FORMAT = "dwarf-with-dsym";
				ENABLE_BITCODE = NO;
				ENABLE_NS_ASSERTIONS = NO;
				ENABLE_STRICT_OBJC_MSGSEND = YES;
				GCC_C_LANGUAGE_STANDARD = gnu11;
				GCC_NO_COMMON_BLOCKS = YES;
				GCC_PRECOMPILE_PREFIX_HEADER = NO;
				GCC_WARN_64_TO_32_BIT_CONVERSION = YES;
				GCC_WARN_ABOUT_RETURN_TYPE = YES_ERROR;
				GCC_WARN_UNDECLARED_SELECTOR = YES;
				GCC_WARN_UNINITIALIZED_AUTOS = YES_AGGRESSIVE;
				GCC_WARN_UNUSED_FUNCTION = YES;
				GCC_WARN_UNUSED_VARIABLE = YES;
				IPHONEOS_DEPLOYMENT_TARGET = 14.5;
				MTL_ENABLE_DEBUG_INFO = NO;
				MTL_FAST_MATH = YES;
				ONLY_ACTIVE_ARCH = YES;
				SDKROOT = iphoneos;
				SWIFT_COMPILATION_MODE = wholemodule;
				SWIFT_OPTIMIZATION_LEVEL = "-O";
				VALIDATE_PRODUCT = YES;
			};
			name = Release;
		};
		D4D4EE6D26E11A3F002BE857 /* Debug */ = {
			isa = XCBuildConfiguration;
			buildSettings = {
				ALWAYS_EMBED_SWIFT_STANDARD_LIBRARIES = YES;
				ASSETCATALOG_COMPILER_APPICON_NAME = AppIcon;
				ASSETCATALOG_COMPILER_GLOBAL_ACCENT_COLOR_NAME = AccentColor;
				ASSETCATALOG_COMPILER_INCLUDE_ALL_APPICON_ASSETS = YES;
				CLANG_ENABLE_MODULES = YES;
				CODE_SIGN_ENTITLEMENTS = iOSSDKExample/iOSSDKExample.entitlements;
				CODE_SIGN_STYLE = Automatic;
				DEVELOPMENT_TEAM = UK8ZTJLF6D;
				FRAMEWORK_SEARCH_PATHS = (
					"$(inherited)",
					"$(PROJECT_DIR)/iOSSDKExample",
				);
				INFOPLIST_FILE = iOSSDKExample/Info.plist;
				IPHONEOS_DEPLOYMENT_TARGET = 15.0;
				LD_RUNPATH_SEARCH_PATHS = (
					"$(inherited)",
					"@executable_path/Frameworks",
				);
				ONLY_ACTIVE_ARCH = YES;
				PRODUCT_BUNDLE_IDENTIFIER = com.incontact.mobileSDK.Example;
				PRODUCT_NAME = "$(TARGET_NAME)";
				SWIFT_OBJC_BRIDGING_HEADER = "iOSSDKExample/Extension/iOSSDKExample-Bridging-Header.h";
				SWIFT_OPTIMIZATION_LEVEL = "-Onone";
				SWIFT_VERSION = 5.0;
				TARGETED_DEVICE_FAMILY = "1,2";
			};
			name = Debug;
		};
		D4D4EE6E26E11A3F002BE857 /* Release */ = {
			isa = XCBuildConfiguration;
			buildSettings = {
				ALWAYS_EMBED_SWIFT_STANDARD_LIBRARIES = YES;
				ASSETCATALOG_COMPILER_APPICON_NAME = AppIcon;
				ASSETCATALOG_COMPILER_GLOBAL_ACCENT_COLOR_NAME = AccentColor;
				ASSETCATALOG_COMPILER_INCLUDE_ALL_APPICON_ASSETS = YES;
				CLANG_ENABLE_MODULES = YES;
				CODE_SIGN_ENTITLEMENTS = iOSSDKExample/iOSSDKExample.entitlements;
				CODE_SIGN_STYLE = Automatic;
				DEVELOPMENT_TEAM = UK8ZTJLF6D;
				FRAMEWORK_SEARCH_PATHS = (
					"$(inherited)",
					"$(PROJECT_DIR)/iOSSDKExample",
				);
				INFOPLIST_FILE = iOSSDKExample/Info.plist;
				IPHONEOS_DEPLOYMENT_TARGET = 15.0;
				LD_RUNPATH_SEARCH_PATHS = (
					"$(inherited)",
					"@executable_path/Frameworks",
				);
				ONLY_ACTIVE_ARCH = YES;
				PRODUCT_BUNDLE_IDENTIFIER = com.incontact.mobileSDK.Example;
				PRODUCT_NAME = "$(TARGET_NAME)";
				SWIFT_OBJC_BRIDGING_HEADER = "iOSSDKExample/Extension/iOSSDKExample-Bridging-Header.h";
				SWIFT_VERSION = 5.0;
				TARGETED_DEVICE_FAMILY = "1,2";
			};
			name = Release;
		};
/* End XCBuildConfiguration section */

/* Begin XCConfigurationList section */
		27A0176227A305AD00F3D6C5 /* Build configuration list for PBXNativeTarget "iOSSDKExampleTests" */ = {
			isa = XCConfigurationList;
			buildConfigurations = (
				27A0176327A305AD00F3D6C5 /* Debug */,
				27A0176427A305AD00F3D6C5 /* Release */,
			);
			defaultConfigurationIsVisible = 0;
			defaultConfigurationName = Release;
		};
		27A0177127A305C400F3D6C5 /* Build configuration list for PBXNativeTarget "iOSSDKExampleUITests" */ = {
			isa = XCConfigurationList;
			buildConfigurations = (
				27A0177227A305C400F3D6C5 /* Debug */,
				27A0177327A305C400F3D6C5 /* Release */,
			);
			defaultConfigurationIsVisible = 0;
			defaultConfigurationName = Release;
		};
		D4D4EE3D26E11A3E002BE857 /* Build configuration list for PBXProject "iOSSDKExample" */ = {
			isa = XCConfigurationList;
			buildConfigurations = (
				D4D4EE6A26E11A3F002BE857 /* Debug */,
				D4D4EE6B26E11A3F002BE857 /* Release */,
			);
			defaultConfigurationIsVisible = 0;
			defaultConfigurationName = Release;
		};
		D4D4EE6C26E11A3F002BE857 /* Build configuration list for PBXNativeTarget "iOSSDKExample" */ = {
			isa = XCConfigurationList;
			buildConfigurations = (
				D4D4EE6D26E11A3F002BE857 /* Debug */,
				D4D4EE6E26E11A3F002BE857 /* Release */,
			);
			defaultConfigurationIsVisible = 0;
			defaultConfigurationName = Release;
		};
/* End XCConfigurationList section */

/* Begin XCRemoteSwiftPackageReference section */
		112A7A8727A35FFE003D4542 /* XCRemoteSwiftPackageReference "ActivityIndicator" */ = {
			isa = XCRemoteSwiftPackageReference;
			repositoryURL = "https://github.com/kjoe07/ActivityIndicator";
			requirement = {
				kind = upToNextMajorVersion;
				minimumVersion = 1.1.0;
			};
		};
		114BCCDE27CD2FA4001BCCF0 /* XCRemoteSwiftPackageReference "Toast-Swift" */ = {
			isa = XCRemoteSwiftPackageReference;
			repositoryURL = "https://github.com/scalessec/Toast-Swift";
			requirement = {
				kind = upToNextMajorVersion;
				minimumVersion = 5.0.0;
			};
		};
		118B058B27BD91AF004D725E /* XCRemoteSwiftPackageReference "Kingfisher" */ = {
			isa = XCRemoteSwiftPackageReference;
			repositoryURL = "https://github.com/onevcat/Kingfisher.git";
			requirement = {
				kind = upToNextMajorVersion;
				minimumVersion = 7.0.0;
			};
		};
		1194B9F727BC65CF005AADCE /* XCRemoteSwiftPackageReference "IQKeyboardManager" */ = {
			isa = XCRemoteSwiftPackageReference;
			repositoryURL = "https://github.com/hackiftekhar/IQKeyboardManager";
			requirement = {
				kind = upToNextMajorVersion;
				minimumVersion = 6.5.0;
			};
		};
		11B4E36A27B6F30E00EBC3E7 /* XCRemoteSwiftPackageReference "iOS-SDK" */ = {
			isa = XCRemoteSwiftPackageReference;
			repositoryURL = "https://customerdynamics@dev.azure.com/customerdynamics/NICE%20Mobile%20SDK/_git/iOS-SDK";
			requirement = {
				branch = env/dev;
				kind = branch;
			};
		};
		11D4174E27BC12B30082F31E /* XCRemoteSwiftPackageReference "iOS-SDK" */ = {
			isa = XCRemoteSwiftPackageReference;
			repositoryURL = "https://customerdynamics@dev.azure.com/customerdynamics/NICE%20Mobile%20SDK/_git/iOS-SDK";
			requirement = {
				branch = feature/createNewThreadWithCustomFields;
				kind = branch;
			};
		};
		270322C827C99B0300B1F9E0 /* XCRemoteSwiftPackageReference "swift-pkce" */ = {
			isa = XCRemoteSwiftPackageReference;
			repositoryURL = "https://github.com/hendrickson-tyler/swift-pkce";
			requirement = {
				kind = upToNextMajorVersion;
				minimumVersion = 1.0.0;
			};
		};
		27294B32281895D400E18A18 /* XCRemoteSwiftPackageReference "nice-cxone-mobile-sdk-ios" */ = {
			isa = XCRemoteSwiftPackageReference;
			repositoryURL = "https://github.com/nice-devone/nice-cxone-mobile-sdk-ios.git";
			requirement = {
				branch = main;
				kind = branch;
			};
		};
/* End XCRemoteSwiftPackageReference section */

/* Begin XCSwiftPackageProductDependency section */
		112A7A8827A35FFE003D4542 /* ActivityIndicator */ = {
			isa = XCSwiftPackageProductDependency;
			package = 112A7A8727A35FFE003D4542 /* XCRemoteSwiftPackageReference "ActivityIndicator" */;
			productName = ActivityIndicator;
		};
		114BCCDF27CD2FA4001BCCF0 /* Toast */ = {
			isa = XCSwiftPackageProductDependency;
			package = 114BCCDE27CD2FA4001BCCF0 /* XCRemoteSwiftPackageReference "Toast-Swift" */;
			productName = Toast;
		};
		118B058C27BD91AF004D725E /* Kingfisher */ = {
			isa = XCSwiftPackageProductDependency;
			package = 118B058B27BD91AF004D725E /* XCRemoteSwiftPackageReference "Kingfisher" */;
			productName = Kingfisher;
		};
		118B058E27BD92A8004D725E /* ActivityIndicator */ = {
			isa = XCSwiftPackageProductDependency;
			package = 112A7A8727A35FFE003D4542 /* XCRemoteSwiftPackageReference "ActivityIndicator" */;
			productName = ActivityIndicator;
		};
		1194B9F827BC65CF005AADCE /* IQKeyboardManagerSwift */ = {
			isa = XCSwiftPackageProductDependency;
			package = 1194B9F727BC65CF005AADCE /* XCRemoteSwiftPackageReference "IQKeyboardManager" */;
			productName = IQKeyboardManagerSwift;
		};
		11B4E36B27B6F30E00EBC3E7 /* CXOneChatSDK */ = {
			isa = XCSwiftPackageProductDependency;
			package = 11B4E36A27B6F30E00EBC3E7 /* XCRemoteSwiftPackageReference "iOS-SDK" */;
			productName = CXOneChatSDK;
		};
		11D4174F27BC12B30082F31E /* CXOneChatSDK */ = {
			isa = XCSwiftPackageProductDependency;
			package = 11D4174E27BC12B30082F31E /* XCRemoteSwiftPackageReference "iOS-SDK" */;
			productName = CXOneChatSDK;
		};
		270322C927C99B0300B1F9E0 /* PKCE */ = {
			isa = XCSwiftPackageProductDependency;
			package = 270322C827C99B0300B1F9E0 /* XCRemoteSwiftPackageReference "swift-pkce" */;
			productName = PKCE;
		};
		27294B33281895D400E18A18 /* CXOneChatSDK */ = {
			isa = XCSwiftPackageProductDependency;
			package = 27294B32281895D400E18A18 /* XCRemoteSwiftPackageReference "nice-cxone-mobile-sdk-ios" */;
			productName = CXOneChatSDK;
		};
/* End XCSwiftPackageProductDependency section */
	};
	rootObject = D4D4EE3A26E11A3E002BE857 /* Project object */;
}
