// !$*UTF8*$!
{
	archiveVersion = 1;
	classes = {
	};
	objectVersion = 52;
	objects = {

/* Begin PBXBuildFile section */
		110AC6F027C5B4D000ADA6EB /* LoginWithAmazon.framework in Frameworks */ = {isa = PBXBuildFile; fileRef = 110AC6EF27C5B4D000ADA6EB /* LoginWithAmazon.framework */; };
		110AC6F227C5B62100ADA6EB /* Security.framework in Frameworks */ = {isa = PBXBuildFile; fileRef = 110AC6F127C5B62100ADA6EB /* Security.framework */; };
		110AC6F427C5B62E00ADA6EB /* SafariServices.framework in Frameworks */ = {isa = PBXBuildFile; fileRef = 110AC6F327C5B62E00ADA6EB /* SafariServices.framework */; };
		1115179B278E051A00BBBB0D /* UIAlertController+Extensions.swift in Sources */ = {isa = PBXBuildFile; fileRef = 11151786278E051900BBBB0D /* UIAlertController+Extensions.swift */; };
		1115179D278E051A00BBBB0D /* PopupViewController.swift in Sources */ = {isa = PBXBuildFile; fileRef = 1115178A278E051900BBBB0D /* PopupViewController.swift */; };
		111517A2278E051A00BBBB0D /* PluginMessageView.swift in Sources */ = {isa = PBXBuildFile; fileRef = 11151792278E051A00BBBB0D /* PluginMessageView.swift */; };
		111517A3278E051A00BBBB0D /* PressableButton.swift in Sources */ = {isa = PBXBuildFile; fileRef = 11151793278E051A00BBBB0D /* PressableButton.swift */; };
		111517A5278E051A00BBBB0D /* CameraInputBarAccessoryView.swift in Sources */ = {isa = PBXBuildFile; fileRef = 11151795278E051A00BBBB0D /* CameraInputBarAccessoryView.swift */; };
		111517A9278E051A00BBBB0D /* ThreadListCell.swift in Sources */ = {isa = PBXBuildFile; fileRef = 1115179A278E051A00BBBB0D /* ThreadListCell.swift */; };
		114260B128AAC8740080D9F8 /* WkWebViewController.swift in Sources */ = {isa = PBXBuildFile; fileRef = 114260B028AAC8740080D9F8 /* WkWebViewController.swift */; };
		114BCCE027CD2FA4001BCCF0 /* Toast in Frameworks */ = {isa = PBXBuildFile; productRef = 114BCCDF27CD2FA4001BCCF0 /* Toast */; };
		118B058D27BD91AF004D725E /* Kingfisher in Frameworks */ = {isa = PBXBuildFile; productRef = 118B058C27BD91AF004D725E /* Kingfisher */; };
		118B058F27BD92A8004D725E /* ActivityIndicator in Frameworks */ = {isa = PBXBuildFile; productRef = 118B058E27BD92A8004D725E /* ActivityIndicator */; };
		1194B9F927BC65CF005AADCE /* IQKeyboardManagerSwift in Frameworks */ = {isa = PBXBuildFile; productRef = 1194B9F827BC65CF005AADCE /* IQKeyboardManagerSwift */; };
		11DD80AA2865FCB500482DDB /* ConfigViewController.swift in Sources */ = {isa = PBXBuildFile; fileRef = 11DD80A92865FCB500482DDB /* ConfigViewController.swift */; };
		11DD80AC2866086B00482DDB /* CustomTextField.swift in Sources */ = {isa = PBXBuildFile; fileRef = 11DD80AB2866086B00482DDB /* CustomTextField.swift */; };
		11E5B3C328C16AC300A79611 /* ALProgressView in Frameworks */ = {isa = PBXBuildFile; productRef = 11E5B3C228C16AC300A79611 /* ALProgressView */; };
		11EBC12128BD16A600EF2495 /* ProActiveActionPopup.swift in Sources */ = {isa = PBXBuildFile; fileRef = 11EBC12028BD16A600EF2495 /* ProActiveActionPopup.swift */; };
		11F6137527BEBB71007BD941 /* LoginViewController.swift in Sources */ = {isa = PBXBuildFile; fileRef = 11F6137427BEBB71007BD941 /* LoginViewController.swift */; };
		270322CA27C99B0300B1F9E0 /* PKCE in Frameworks */ = {isa = PBXBuildFile; productRef = 270322C927C99B0300B1F9E0 /* PKCE */; };
		27107B97287529E800E0AD1F /* MessageKit in Frameworks */ = {isa = PBXBuildFile; productRef = 27107B96287529E800E0AD1F /* MessageKit */; };
		2779B1EA286E121F004C9DD2 /* Customer+Extenions.swift in Sources */ = {isa = PBXBuildFile; fileRef = 2779B1E9286E121F004C9DD2 /* Customer+Extenions.swift */; };
		2779B1EC286E13F2004C9DD2 /* Message+Extensions.swift in Sources */ = {isa = PBXBuildFile; fileRef = 2779B1EB286E13F2004C9DD2 /* Message+Extensions.swift */; };
		2779B1EE286E1577004C9DD2 /* Agent+Extensions.swift in Sources */ = {isa = PBXBuildFile; fileRef = 2779B1ED286E1577004C9DD2 /* Agent+Extensions.swift */; };
		2779D4332887532400F1808C /* UIColor+Extensions.swift in Sources */ = {isa = PBXBuildFile; fileRef = 2779D4322887532400F1808C /* UIColor+Extensions.swift */; };
		27AB6A3428808A4A0045A3A8 /* ConnectionConfiguration.swift in Sources */ = {isa = PBXBuildFile; fileRef = 27AB6A3328808A4A0045A3A8 /* ConnectionConfiguration.swift */; };
		27AB6A3A2882099F0045A3A8 /* MessageMediaItem.swift in Sources */ = {isa = PBXBuildFile; fileRef = 27AB6A392882099F0045A3A8 /* MessageMediaItem.swift */; };
		CF0E8464291E669200FB29C7 /* Optional+Extensions.swift in Sources */ = {isa = PBXBuildFile; fileRef = CF0E8463291E669200FB29C7 /* Optional+Extensions.swift */; };
		CF147576290282C500F2098D /* FormViewController.swift in Sources */ = {isa = PBXBuildFile; fileRef = CF147575290282C500F2098D /* FormViewController.swift */; };
		CF1475792902AC3A00F2098D /* PrimaryButton.swift in Sources */ = {isa = PBXBuildFile; fileRef = CF1475782902AC3A00F2098D /* PrimaryButton.swift */; };
		CF14757C2902ACE300F2098D /* FormView.swift in Sources */ = {isa = PBXBuildFile; fileRef = CF14757B2902ACE300F2098D /* FormView.swift */; };
		CF14757E2902AD4300F2098D /* SecondaryButton.swift in Sources */ = {isa = PBXBuildFile; fileRef = CF14757D2902AD4300F2098D /* SecondaryButton.swift */; };
		CF1475802902AED800F2098D /* BaseButton.swift in Sources */ = {isa = PBXBuildFile; fileRef = CF14757F2902AED800F2098D /* BaseButton.swift */; };
		CF2BE1BC28D1FBBA000E4906 /* Entitlements in Resources */ = {isa = PBXBuildFile; fileRef = CF2BE1BB28D1FBBA000E4906 /* Entitlements */; };
		CF2BE1BE28D20144000E4906 /* ConnectionConfigurationType.swift in Sources */ = {isa = PBXBuildFile; fileRef = CF2BE1BD28D20144000E4906 /* ConnectionConfigurationType.swift */; };
		CF2BE1C028D2014B000E4906 /* ConnectionEnvironmentType.swift in Sources */ = {isa = PBXBuildFile; fileRef = CF2BE1BF28D2014B000E4906 /* ConnectionEnvironmentType.swift */; };
		CF31918428D68B6200F7480A /* UIApplication+Extensions.swift in Sources */ = {isa = PBXBuildFile; fileRef = CF31918328D68B6200F7480A /* UIApplication+Extensions.swift */; };
		CF4B140A2906769A0090B83A /* FormType.swift in Sources */ = {isa = PBXBuildFile; fileRef = CF4B14092906769A0090B83A /* FormType.swift */; };
		CF4B140D290677100090B83A /* FormVO.swift in Sources */ = {isa = PBXBuildFile; fileRef = CF4B140C290677100090B83A /* FormVO.swift */; };
		CF4B140F290677700090B83A /* FormTextFieldEntity.swift in Sources */ = {isa = PBXBuildFile; fileRef = CF4B140E290677700090B83A /* FormTextFieldEntity.swift */; };
		CF4B141E2907D1940090B83A /* UICollectionView+Extensions.swift in Sources */ = {isa = PBXBuildFile; fileRef = CF4B141D2907D1940090B83A /* UICollectionView+Extensions.swift */; };
		CF4B14312908301D0090B83A /* ThreadDetailViewController+MessageLabelDelegate.swift in Sources */ = {isa = PBXBuildFile; fileRef = CF4B142E2908301D0090B83A /* ThreadDetailViewController+MessageLabelDelegate.swift */; };
		CF4B14322908301D0090B83A /* ThreadDetailViewController+MessageCellDelegate.swift in Sources */ = {isa = PBXBuildFile; fileRef = CF4B142F2908301D0090B83A /* ThreadDetailViewController+MessageCellDelegate.swift */; };
		CF4B14332908301D0090B83A /* ThreadDetailViewController.swift in Sources */ = {isa = PBXBuildFile; fileRef = CF4B14302908301D0090B83A /* ThreadDetailViewController.swift */; };
		CF50C93E293DE913001E2553 /* CXoneChatSDK in Frameworks */ = {isa = PBXBuildFile; productRef = CF50C93D293DE913001E2553 /* CXoneChatSDK */; };
		CF6DE4EC28FE9FBA00F8D042 /* BasePresenter.swift in Sources */ = {isa = PBXBuildFile; fileRef = CF6DE4E928FE9FBA00F8D042 /* BasePresenter.swift */; };
		CF6DE4ED28FE9FBA00F8D042 /* HasInitial.swift in Sources */ = {isa = PBXBuildFile; fileRef = CF6DE4EA28FE9FBA00F8D042 /* HasInitial.swift */; };
		CF6DE4EE28FE9FBA00F8D042 /* ViewRenderable.swift in Sources */ = {isa = PBXBuildFile; fileRef = CF6DE4EB28FE9FBA00F8D042 /* ViewRenderable.swift */; };
		CF6DE4F128FEA05600F8D042 /* SwinjectAutoregistration in Frameworks */ = {isa = PBXBuildFile; productRef = CF6DE4F028FEA05600F8D042 /* SwinjectAutoregistration */; };
		CF6DE4F328FEA07700F8D042 /* ObjectScope+Extensions.swift in Sources */ = {isa = PBXBuildFile; fileRef = CF6DE4F228FEA07700F8D042 /* ObjectScope+Extensions.swift */; };
		CF6DE4F628FEA0AA00F8D042 /* Swinject in Frameworks */ = {isa = PBXBuildFile; productRef = CF6DE4F528FEA0AA00F8D042 /* Swinject */; };
		CF6DE4F828FEA12800F8D042 /* AppAssembly.swift in Sources */ = {isa = PBXBuildFile; fileRef = CF6DE4F728FEA12800F8D042 /* AppAssembly.swift */; };
		CF6DE4FA28FEA12E00F8D042 /* AppModule.swift in Sources */ = {isa = PBXBuildFile; fileRef = CF6DE4F928FEA12E00F8D042 /* AppModule.swift */; };
		CF6DE4FC28FEA15F00F8D042 /* PresentationAssembly.swift in Sources */ = {isa = PBXBuildFile; fileRef = CF6DE4FB28FEA15F00F8D042 /* PresentationAssembly.swift */; };
		CF6DE4FE28FEA16F00F8D042 /* MainCoordinator.swift in Sources */ = {isa = PBXBuildFile; fileRef = CF6DE4FD28FEA16F00F8D042 /* MainCoordinator.swift */; };
		CF6DE50128FEA2FF00F8D042 /* SnapKit in Frameworks */ = {isa = PBXBuildFile; productRef = CF6DE50028FEA2FF00F8D042 /* SnapKit */; };
		CF6DE50328FEA33D00F8D042 /* DomainAssembly.swift in Sources */ = {isa = PBXBuildFile; fileRef = CF6DE50228FEA33D00F8D042 /* DomainAssembly.swift */; };
		CF6DE50628FEA36400F8D042 /* DataAssembly.swift in Sources */ = {isa = PBXBuildFile; fileRef = CF6DE50528FEA36400F8D042 /* DataAssembly.swift */; };
		CF6DE50828FEA47200F8D042 /* Coordinator.swift in Sources */ = {isa = PBXBuildFile; fileRef = CF6DE50728FEA47200F8D042 /* Coordinator.swift */; };
		CF6DE50D28FEA71D00F8D042 /* LoginPresenter.swift in Sources */ = {isa = PBXBuildFile; fileRef = CF6DE50C28FEA71D00F8D042 /* LoginPresenter.swift */; };
		CF6DE50F28FEA73D00F8D042 /* LoginView.swift in Sources */ = {isa = PBXBuildFile; fileRef = CF6DE50E28FEA73D00F8D042 /* LoginView.swift */; };
		CF6DE51128FEA74300F8D042 /* LoginViewState.swift in Sources */ = {isa = PBXBuildFile; fileRef = CF6DE51028FEA74300F8D042 /* LoginViewState.swift */; };
		CF6DE51628FEA91F00F8D042 /* LoadingViewController.swift in Sources */ = {isa = PBXBuildFile; fileRef = CF6DE51528FEA91F00F8D042 /* LoadingViewController.swift */; };
		CF6DE51A28FEAFFB00F8D042 /* BaseViewController.swift in Sources */ = {isa = PBXBuildFile; fileRef = CF6DE51928FEAFFB00F8D042 /* BaseViewController.swift */; };
		CF6DE51C28FEB16D00F8D042 /* ConfigPresenter.swift in Sources */ = {isa = PBXBuildFile; fileRef = CF6DE51B28FEB16D00F8D042 /* ConfigPresenter.swift */; };
		CF6DE51E28FEB17400F8D042 /* ConfigView.swift in Sources */ = {isa = PBXBuildFile; fileRef = CF6DE51D28FEB17400F8D042 /* ConfigView.swift */; };
		CF6DE52028FEB17D00F8D042 /* ConfigViewState.swift in Sources */ = {isa = PBXBuildFile; fileRef = CF6DE51F28FEB17D00F8D042 /* ConfigViewState.swift */; };
		CF6DE52628FEBE5C00F8D042 /* ConfigVO.swift in Sources */ = {isa = PBXBuildFile; fileRef = CF6DE52528FEBE5C00F8D042 /* ConfigVO.swift */; };
		CF6DE52A28FEC33600F8D042 /* CodableIgnored.swift in Sources */ = {isa = PBXBuildFile; fileRef = CF6DE52928FEC33600F8D042 /* CodableIgnored.swift */; };
		CF7768C728D87CCA0092A813 /* Data+Extensions.swift in Sources */ = {isa = PBXBuildFile; fileRef = CF7768C628D87CCA0092A813 /* Data+Extensions.swift */; };
		CF7768C928D87DC60092A813 /* Task+Extensions.swift in Sources */ = {isa = PBXBuildFile; fileRef = CF7768C828D87DC60092A813 /* Task+Extensions.swift */; };
		CF7768CB28D8857F0092A813 /* PopupPosition.swift in Sources */ = {isa = PBXBuildFile; fileRef = CF7768CA28D8857F0092A813 /* PopupPosition.swift */; };
		CF7768CD28D88C4C0092A813 /* CustomMessagesFlowLayout.swift in Sources */ = {isa = PBXBuildFile; fileRef = CF7768CC28D88C4C0092A813 /* CustomMessagesFlowLayout.swift */; };
		CF7768D128D88CFD0092A813 /* CustomMessageSizeCalculator.swift in Sources */ = {isa = PBXBuildFile; fileRef = CF7768D028D88CFD0092A813 /* CustomMessageSizeCalculator.swift */; };
		CF7768D728D88DE20092A813 /* CustomLayoutSizeCalculator.swift in Sources */ = {isa = PBXBuildFile; fileRef = CF7768D628D88DE20092A813 /* CustomLayoutSizeCalculator.swift */; };
		CF795AEC28D85FB400A18BA9 /* CustomFieldView.swift in Sources */ = {isa = PBXBuildFile; fileRef = CF795AEB28D85FB400A18BA9 /* CustomFieldView.swift */; };
		CF795AEE28D8602900A18BA9 /* UIView+Extensions.swift in Sources */ = {isa = PBXBuildFile; fileRef = CF795AED28D8602900A18BA9 /* UIView+Extensions.swift */; };
		CF7F7701290FBBB70035486D /* MessageMapper.swift in Sources */ = {isa = PBXBuildFile; fileRef = CF7F7700290FBBB70035486D /* MessageMapper.swift */; };
		CF80462728FFEF580050C7A5 /* UIStackView+Extensions.swift in Sources */ = {isa = PBXBuildFile; fileRef = CF80462628FFEF580050C7A5 /* UIStackView+Extensions.swift */; };
		CF80462928FFF6A20050C7A5 /* ThreadListView.swift in Sources */ = {isa = PBXBuildFile; fileRef = CF80462828FFF6A20050C7A5 /* ThreadListView.swift */; };
		CF80462B28FFF6AC0050C7A5 /* ThreadListViewState.swift in Sources */ = {isa = PBXBuildFile; fileRef = CF80462A28FFF6AC0050C7A5 /* ThreadListViewState.swift */; };
		CF80462D28FFF6B70050C7A5 /* ThreadListPresenter.swift in Sources */ = {isa = PBXBuildFile; fileRef = CF80462C28FFF6B70050C7A5 /* ThreadListPresenter.swift */; };
		CF80463128FFF7160050C7A5 /* ThreadListViewController.swift in Sources */ = {isa = PBXBuildFile; fileRef = CF80463028FFF7160050C7A5 /* ThreadListViewController.swift */; };
		CF80463328FFFA420050C7A5 /* UITableView+Extensions.swift in Sources */ = {isa = PBXBuildFile; fileRef = CF80463228FFFA420050C7A5 /* UITableView+Extensions.swift */; };
		CF804637290002A70050C7A5 /* ThreadListVO.swift in Sources */ = {isa = PBXBuildFile; fileRef = CF804636290002A70050C7A5 /* ThreadListVO.swift */; };
		CF80463929001D610050C7A5 /* Array+Extensions.swift in Sources */ = {isa = PBXBuildFile; fileRef = CF80463829001D610050C7A5 /* Array+Extensions.swift */; };
		CF857B6F28D682F100FC394B /* Assets.swift in Sources */ = {isa = PBXBuildFile; fileRef = CF857B6E28D682F100FC394B /* Assets.swift */; };
		CF857B7228D6841200FC394B /* Assets.xcassets in Resources */ = {isa = PBXBuildFile; fileRef = CF857B7128D6841200FC394B /* Assets.xcassets */; };
		CFAEEFBB291A486E006A3ECF /* ThreadDetailView.swift in Sources */ = {isa = PBXBuildFile; fileRef = CFAEEFBA291A486E006A3ECF /* ThreadDetailView.swift */; };
		CFAEEFBD291A65B7006A3ECF /* ThreadDetailPresenter.swift in Sources */ = {isa = PBXBuildFile; fileRef = CFAEEFBC291A65B7006A3ECF /* ThreadDetailPresenter.swift */; };
		CFAEEFBF291A6672006A3ECF /* ThreadDetailViewState.swift in Sources */ = {isa = PBXBuildFile; fileRef = CFAEEFBE291A6672006A3ECF /* ThreadDetailViewState.swift */; };
		CFAEEFC1291A8043006A3ECF /* ThreadDetailCell.swift in Sources */ = {isa = PBXBuildFile; fileRef = CFAEEFC0291A8043006A3ECF /* ThreadDetailCell.swift */; };
		CFC820D328D1F4050066C272 /* UIImageView+Extensions.swift in Sources */ = {isa = PBXBuildFile; fileRef = CFC820D228D1F4050066C272 /* UIImageView+Extensions.swift */; };
		CFC820D528D1F4330066C272 /* Int+Extensions.swift in Sources */ = {isa = PBXBuildFile; fileRef = CFC820D428D1F4330066C272 /* Int+Extensions.swift */; };
		CFC820D728D1F44E0066C272 /* String+Extensions.swift in Sources */ = {isa = PBXBuildFile; fileRef = CFC820D628D1F44E0066C272 /* String+Extensions.swift */; };
		CFC820D928D1F51B0066C272 /* SenderInfo+Extensions.swift in Sources */ = {isa = PBXBuildFile; fileRef = CFC820D828D1F51B0066C272 /* SenderInfo+Extensions.swift */; };
		CFC820DB28D1F5CB0066C272 /* UIViewController+Extenions.swift in Sources */ = {isa = PBXBuildFile; fileRef = CFC820DA28D1F5CB0066C272 /* UIViewController+Extenions.swift */; };
		CFC892C329013B010015EBA2 /* ThreadListEmptyView.swift in Sources */ = {isa = PBXBuildFile; fileRef = CFC892C229013B010015EBA2 /* ThreadListEmptyView.swift */; };
		CFF3A9A128DB6D8100C8E4FA /* Log.swift in Sources */ = {isa = PBXBuildFile; fileRef = CFF3A9A028DB6D8100C8E4FA /* Log.swift */; };
		CFF3A9A328DB6DFC00C8E4FA /* CommonError.swift in Sources */ = {isa = PBXBuildFile; fileRef = CFF3A9A228DB6DFC00C8E4FA /* CommonError.swift */; };
		CFF3A9A528DB6FE900C8E4FA /* Error+Extensions.swift in Sources */ = {isa = PBXBuildFile; fileRef = CFF3A9A428DB6FE900C8E4FA /* Error+Extensions.swift */; };
		D4D4EE4626E11A3E002BE857 /* AppDelegate.swift in Sources */ = {isa = PBXBuildFile; fileRef = D4D4EE4526E11A3E002BE857 /* AppDelegate.swift */; };
/* End PBXBuildFile section */

/* Begin PBXFileReference section */
		110AC6EF27C5B4D000ADA6EB /* LoginWithAmazon.framework */ = {isa = PBXFileReference; lastKnownFileType = wrapper.framework; path = LoginWithAmazon.framework; sourceTree = "<group>"; };
		110AC6F127C5B62100ADA6EB /* Security.framework */ = {isa = PBXFileReference; lastKnownFileType = wrapper.framework; name = Security.framework; path = System/Library/Frameworks/Security.framework; sourceTree = SDKROOT; };
		110AC6F327C5B62E00ADA6EB /* SafariServices.framework */ = {isa = PBXFileReference; lastKnownFileType = wrapper.framework; name = SafariServices.framework; path = System/Library/Frameworks/SafariServices.framework; sourceTree = SDKROOT; };
		11151786278E051900BBBB0D /* UIAlertController+Extensions.swift */ = {isa = PBXFileReference; fileEncoding = 4; lastKnownFileType = sourcecode.swift; path = "UIAlertController+Extensions.swift"; sourceTree = "<group>"; };
		1115178A278E051900BBBB0D /* PopupViewController.swift */ = {isa = PBXFileReference; fileEncoding = 4; lastKnownFileType = sourcecode.swift; path = PopupViewController.swift; sourceTree = "<group>"; };
		11151792278E051A00BBBB0D /* PluginMessageView.swift */ = {isa = PBXFileReference; fileEncoding = 4; lastKnownFileType = sourcecode.swift; path = PluginMessageView.swift; sourceTree = "<group>"; };
		11151793278E051A00BBBB0D /* PressableButton.swift */ = {isa = PBXFileReference; fileEncoding = 4; lastKnownFileType = sourcecode.swift; path = PressableButton.swift; sourceTree = "<group>"; };
		11151795278E051A00BBBB0D /* CameraInputBarAccessoryView.swift */ = {isa = PBXFileReference; fileEncoding = 4; lastKnownFileType = sourcecode.swift; path = CameraInputBarAccessoryView.swift; sourceTree = "<group>"; };
		1115179A278E051A00BBBB0D /* ThreadListCell.swift */ = {isa = PBXFileReference; fileEncoding = 4; lastKnownFileType = sourcecode.swift; path = ThreadListCell.swift; sourceTree = "<group>"; };
		114260B028AAC8740080D9F8 /* WkWebViewController.swift */ = {isa = PBXFileReference; lastKnownFileType = sourcecode.swift; path = WkWebViewController.swift; sourceTree = "<group>"; };
		11DD80A92865FCB500482DDB /* ConfigViewController.swift */ = {isa = PBXFileReference; lastKnownFileType = sourcecode.swift; path = ConfigViewController.swift; sourceTree = "<group>"; };
		11DD80AB2866086B00482DDB /* CustomTextField.swift */ = {isa = PBXFileReference; lastKnownFileType = sourcecode.swift; path = CustomTextField.swift; sourceTree = "<group>"; };
		11EBC12028BD16A600EF2495 /* ProActiveActionPopup.swift */ = {isa = PBXFileReference; lastKnownFileType = sourcecode.swift; path = ProActiveActionPopup.swift; sourceTree = "<group>"; };
		11F6137427BEBB71007BD941 /* LoginViewController.swift */ = {isa = PBXFileReference; lastKnownFileType = sourcecode.swift; path = LoginViewController.swift; sourceTree = "<group>"; };
		2779B1E9286E121F004C9DD2 /* Customer+Extenions.swift */ = {isa = PBXFileReference; lastKnownFileType = sourcecode.swift; path = "Customer+Extenions.swift"; sourceTree = "<group>"; };
		2779B1EB286E13F2004C9DD2 /* Message+Extensions.swift */ = {isa = PBXFileReference; lastKnownFileType = sourcecode.swift; path = "Message+Extensions.swift"; sourceTree = "<group>"; };
		2779B1ED286E1577004C9DD2 /* Agent+Extensions.swift */ = {isa = PBXFileReference; lastKnownFileType = sourcecode.swift; path = "Agent+Extensions.swift"; sourceTree = "<group>"; };
		2779D4322887532400F1808C /* UIColor+Extensions.swift */ = {isa = PBXFileReference; lastKnownFileType = sourcecode.swift; path = "UIColor+Extensions.swift"; sourceTree = "<group>"; };
		27AB6A3328808A4A0045A3A8 /* ConnectionConfiguration.swift */ = {isa = PBXFileReference; lastKnownFileType = sourcecode.swift; path = ConnectionConfiguration.swift; sourceTree = "<group>"; };
		27AB6A392882099F0045A3A8 /* MessageMediaItem.swift */ = {isa = PBXFileReference; lastKnownFileType = sourcecode.swift; path = MessageMediaItem.swift; sourceTree = "<group>"; };
		CF0E8463291E669200FB29C7 /* Optional+Extensions.swift */ = {isa = PBXFileReference; lastKnownFileType = sourcecode.swift; path = "Optional+Extensions.swift"; sourceTree = "<group>"; };
		CF147575290282C500F2098D /* FormViewController.swift */ = {isa = PBXFileReference; lastKnownFileType = sourcecode.swift; path = FormViewController.swift; sourceTree = "<group>"; };
		CF1475782902AC3A00F2098D /* PrimaryButton.swift */ = {isa = PBXFileReference; lastKnownFileType = sourcecode.swift; path = PrimaryButton.swift; sourceTree = "<group>"; };
		CF14757B2902ACE300F2098D /* FormView.swift */ = {isa = PBXFileReference; lastKnownFileType = sourcecode.swift; path = FormView.swift; sourceTree = "<group>"; };
		CF14757D2902AD4300F2098D /* SecondaryButton.swift */ = {isa = PBXFileReference; lastKnownFileType = sourcecode.swift; path = SecondaryButton.swift; sourceTree = "<group>"; };
		CF14757F2902AED800F2098D /* BaseButton.swift */ = {isa = PBXFileReference; lastKnownFileType = sourcecode.swift; path = BaseButton.swift; sourceTree = "<group>"; };
		CF2BE1BB28D1FBBA000E4906 /* Entitlements */ = {isa = PBXFileReference; lastKnownFileType = folder; path = Entitlements; sourceTree = "<group>"; };
		CF2BE1BD28D20144000E4906 /* ConnectionConfigurationType.swift */ = {isa = PBXFileReference; lastKnownFileType = sourcecode.swift; path = ConnectionConfigurationType.swift; sourceTree = "<group>"; };
		CF2BE1BF28D2014B000E4906 /* ConnectionEnvironmentType.swift */ = {isa = PBXFileReference; lastKnownFileType = sourcecode.swift; path = ConnectionEnvironmentType.swift; sourceTree = "<group>"; };
		CF31918328D68B6200F7480A /* UIApplication+Extensions.swift */ = {isa = PBXFileReference; lastKnownFileType = sourcecode.swift; path = "UIApplication+Extensions.swift"; sourceTree = "<group>"; };
		CF4B14092906769A0090B83A /* FormType.swift */ = {isa = PBXFileReference; lastKnownFileType = sourcecode.swift; path = FormType.swift; sourceTree = "<group>"; };
		CF4B140C290677100090B83A /* FormVO.swift */ = {isa = PBXFileReference; lastKnownFileType = sourcecode.swift; path = FormVO.swift; sourceTree = "<group>"; };
		CF4B140E290677700090B83A /* FormTextFieldEntity.swift */ = {isa = PBXFileReference; lastKnownFileType = sourcecode.swift; path = FormTextFieldEntity.swift; sourceTree = "<group>"; };
		CF4B141D2907D1940090B83A /* UICollectionView+Extensions.swift */ = {isa = PBXFileReference; lastKnownFileType = sourcecode.swift; path = "UICollectionView+Extensions.swift"; sourceTree = "<group>"; };
		CF4B142E2908301D0090B83A /* ThreadDetailViewController+MessageLabelDelegate.swift */ = {isa = PBXFileReference; fileEncoding = 4; lastKnownFileType = sourcecode.swift; path = "ThreadDetailViewController+MessageLabelDelegate.swift"; sourceTree = "<group>"; };
		CF4B142F2908301D0090B83A /* ThreadDetailViewController+MessageCellDelegate.swift */ = {isa = PBXFileReference; fileEncoding = 4; lastKnownFileType = sourcecode.swift; path = "ThreadDetailViewController+MessageCellDelegate.swift"; sourceTree = "<group>"; };
		CF4B14302908301D0090B83A /* ThreadDetailViewController.swift */ = {isa = PBXFileReference; fileEncoding = 4; lastKnownFileType = sourcecode.swift; path = ThreadDetailViewController.swift; sourceTree = "<group>"; };
		CF5E07AB28D1F7C70081180D /* Info.plist */ = {isa = PBXFileReference; fileEncoding = 4; lastKnownFileType = text.plist.xml; path = Info.plist; sourceTree = "<group>"; };
		CF6DE4E928FE9FBA00F8D042 /* BasePresenter.swift */ = {isa = PBXFileReference; fileEncoding = 4; lastKnownFileType = sourcecode.swift; path = BasePresenter.swift; sourceTree = "<group>"; };
		CF6DE4EA28FE9FBA00F8D042 /* HasInitial.swift */ = {isa = PBXFileReference; fileEncoding = 4; lastKnownFileType = sourcecode.swift; path = HasInitial.swift; sourceTree = "<group>"; };
		CF6DE4EB28FE9FBA00F8D042 /* ViewRenderable.swift */ = {isa = PBXFileReference; fileEncoding = 4; lastKnownFileType = sourcecode.swift; path = ViewRenderable.swift; sourceTree = "<group>"; };
		CF6DE4F228FEA07700F8D042 /* ObjectScope+Extensions.swift */ = {isa = PBXFileReference; lastKnownFileType = sourcecode.swift; path = "ObjectScope+Extensions.swift"; sourceTree = "<group>"; };
		CF6DE4F728FEA12800F8D042 /* AppAssembly.swift */ = {isa = PBXFileReference; lastKnownFileType = sourcecode.swift; path = AppAssembly.swift; sourceTree = "<group>"; };
		CF6DE4F928FEA12E00F8D042 /* AppModule.swift */ = {isa = PBXFileReference; lastKnownFileType = sourcecode.swift; path = AppModule.swift; sourceTree = "<group>"; };
		CF6DE4FB28FEA15F00F8D042 /* PresentationAssembly.swift */ = {isa = PBXFileReference; lastKnownFileType = sourcecode.swift; path = PresentationAssembly.swift; sourceTree = "<group>"; };
		CF6DE4FD28FEA16F00F8D042 /* MainCoordinator.swift */ = {isa = PBXFileReference; lastKnownFileType = sourcecode.swift; path = MainCoordinator.swift; sourceTree = "<group>"; };
		CF6DE50228FEA33D00F8D042 /* DomainAssembly.swift */ = {isa = PBXFileReference; lastKnownFileType = sourcecode.swift; path = DomainAssembly.swift; sourceTree = "<group>"; };
		CF6DE50528FEA36400F8D042 /* DataAssembly.swift */ = {isa = PBXFileReference; lastKnownFileType = sourcecode.swift; path = DataAssembly.swift; sourceTree = "<group>"; };
		CF6DE50728FEA47200F8D042 /* Coordinator.swift */ = {isa = PBXFileReference; lastKnownFileType = sourcecode.swift; path = Coordinator.swift; sourceTree = "<group>"; };
		CF6DE50C28FEA71D00F8D042 /* LoginPresenter.swift */ = {isa = PBXFileReference; lastKnownFileType = sourcecode.swift; path = LoginPresenter.swift; sourceTree = "<group>"; };
		CF6DE50E28FEA73D00F8D042 /* LoginView.swift */ = {isa = PBXFileReference; lastKnownFileType = sourcecode.swift; path = LoginView.swift; sourceTree = "<group>"; };
		CF6DE51028FEA74300F8D042 /* LoginViewState.swift */ = {isa = PBXFileReference; lastKnownFileType = sourcecode.swift; path = LoginViewState.swift; sourceTree = "<group>"; };
		CF6DE51528FEA91F00F8D042 /* LoadingViewController.swift */ = {isa = PBXFileReference; lastKnownFileType = sourcecode.swift; path = LoadingViewController.swift; sourceTree = "<group>"; };
		CF6DE51928FEAFFB00F8D042 /* BaseViewController.swift */ = {isa = PBXFileReference; lastKnownFileType = sourcecode.swift; path = BaseViewController.swift; sourceTree = "<group>"; };
		CF6DE51B28FEB16D00F8D042 /* ConfigPresenter.swift */ = {isa = PBXFileReference; lastKnownFileType = sourcecode.swift; path = ConfigPresenter.swift; sourceTree = "<group>"; };
		CF6DE51D28FEB17400F8D042 /* ConfigView.swift */ = {isa = PBXFileReference; lastKnownFileType = sourcecode.swift; path = ConfigView.swift; sourceTree = "<group>"; };
		CF6DE51F28FEB17D00F8D042 /* ConfigViewState.swift */ = {isa = PBXFileReference; lastKnownFileType = sourcecode.swift; path = ConfigViewState.swift; sourceTree = "<group>"; };
		CF6DE52528FEBE5C00F8D042 /* ConfigVO.swift */ = {isa = PBXFileReference; lastKnownFileType = sourcecode.swift; path = ConfigVO.swift; sourceTree = "<group>"; };
		CF6DE52928FEC33600F8D042 /* CodableIgnored.swift */ = {isa = PBXFileReference; lastKnownFileType = sourcecode.swift; path = CodableIgnored.swift; sourceTree = "<group>"; };
		CF7768C628D87CCA0092A813 /* Data+Extensions.swift */ = {isa = PBXFileReference; lastKnownFileType = sourcecode.swift; path = "Data+Extensions.swift"; sourceTree = "<group>"; };
		CF7768C828D87DC60092A813 /* Task+Extensions.swift */ = {isa = PBXFileReference; lastKnownFileType = sourcecode.swift; path = "Task+Extensions.swift"; sourceTree = "<group>"; };
		CF7768CA28D8857F0092A813 /* PopupPosition.swift */ = {isa = PBXFileReference; lastKnownFileType = sourcecode.swift; path = PopupPosition.swift; sourceTree = "<group>"; };
		CF7768CC28D88C4C0092A813 /* CustomMessagesFlowLayout.swift */ = {isa = PBXFileReference; lastKnownFileType = sourcecode.swift; path = CustomMessagesFlowLayout.swift; sourceTree = "<group>"; };
		CF7768D028D88CFD0092A813 /* CustomMessageSizeCalculator.swift */ = {isa = PBXFileReference; lastKnownFileType = sourcecode.swift; path = CustomMessageSizeCalculator.swift; sourceTree = "<group>"; };
		CF7768D628D88DE20092A813 /* CustomLayoutSizeCalculator.swift */ = {isa = PBXFileReference; lastKnownFileType = sourcecode.swift; path = CustomLayoutSizeCalculator.swift; sourceTree = "<group>"; };
		CF795AEB28D85FB400A18BA9 /* CustomFieldView.swift */ = {isa = PBXFileReference; lastKnownFileType = sourcecode.swift; path = CustomFieldView.swift; sourceTree = "<group>"; };
		CF795AED28D8602900A18BA9 /* UIView+Extensions.swift */ = {isa = PBXFileReference; lastKnownFileType = sourcecode.swift; path = "UIView+Extensions.swift"; sourceTree = "<group>"; };
		CF7F7700290FBBB70035486D /* MessageMapper.swift */ = {isa = PBXFileReference; lastKnownFileType = sourcecode.swift; path = MessageMapper.swift; sourceTree = "<group>"; };
		CF80462628FFEF580050C7A5 /* UIStackView+Extensions.swift */ = {isa = PBXFileReference; lastKnownFileType = sourcecode.swift; path = "UIStackView+Extensions.swift"; sourceTree = "<group>"; };
		CF80462828FFF6A20050C7A5 /* ThreadListView.swift */ = {isa = PBXFileReference; lastKnownFileType = sourcecode.swift; path = ThreadListView.swift; sourceTree = "<group>"; };
		CF80462A28FFF6AC0050C7A5 /* ThreadListViewState.swift */ = {isa = PBXFileReference; lastKnownFileType = sourcecode.swift; path = ThreadListViewState.swift; sourceTree = "<group>"; };
		CF80462C28FFF6B70050C7A5 /* ThreadListPresenter.swift */ = {isa = PBXFileReference; lastKnownFileType = sourcecode.swift; path = ThreadListPresenter.swift; sourceTree = "<group>"; };
		CF80463028FFF7160050C7A5 /* ThreadListViewController.swift */ = {isa = PBXFileReference; lastKnownFileType = sourcecode.swift; path = ThreadListViewController.swift; sourceTree = "<group>"; };
		CF80463228FFFA420050C7A5 /* UITableView+Extensions.swift */ = {isa = PBXFileReference; lastKnownFileType = sourcecode.swift; path = "UITableView+Extensions.swift"; sourceTree = "<group>"; };
		CF804636290002A70050C7A5 /* ThreadListVO.swift */ = {isa = PBXFileReference; lastKnownFileType = sourcecode.swift; path = ThreadListVO.swift; sourceTree = "<group>"; };
		CF80463829001D610050C7A5 /* Array+Extensions.swift */ = {isa = PBXFileReference; lastKnownFileType = sourcecode.swift; path = "Array+Extensions.swift"; sourceTree = "<group>"; };
		CF857B6E28D682F100FC394B /* Assets.swift */ = {isa = PBXFileReference; lastKnownFileType = sourcecode.swift; path = Assets.swift; sourceTree = "<group>"; };
		CF857B7128D6841200FC394B /* Assets.xcassets */ = {isa = PBXFileReference; lastKnownFileType = folder.assetcatalog; path = Assets.xcassets; sourceTree = "<group>"; };
		CFAEEFBA291A486E006A3ECF /* ThreadDetailView.swift */ = {isa = PBXFileReference; lastKnownFileType = sourcecode.swift; path = ThreadDetailView.swift; sourceTree = "<group>"; };
		CFAEEFBC291A65B7006A3ECF /* ThreadDetailPresenter.swift */ = {isa = PBXFileReference; lastKnownFileType = sourcecode.swift; path = ThreadDetailPresenter.swift; sourceTree = "<group>"; };
		CFAEEFBE291A6672006A3ECF /* ThreadDetailViewState.swift */ = {isa = PBXFileReference; lastKnownFileType = sourcecode.swift; path = ThreadDetailViewState.swift; sourceTree = "<group>"; };
		CFAEEFC0291A8043006A3ECF /* ThreadDetailCell.swift */ = {isa = PBXFileReference; lastKnownFileType = sourcecode.swift; path = ThreadDetailCell.swift; sourceTree = "<group>"; };
		CFC820D228D1F4050066C272 /* UIImageView+Extensions.swift */ = {isa = PBXFileReference; lastKnownFileType = sourcecode.swift; path = "UIImageView+Extensions.swift"; sourceTree = "<group>"; };
		CFC820D428D1F4330066C272 /* Int+Extensions.swift */ = {isa = PBXFileReference; lastKnownFileType = sourcecode.swift; path = "Int+Extensions.swift"; sourceTree = "<group>"; };
		CFC820D628D1F44E0066C272 /* String+Extensions.swift */ = {isa = PBXFileReference; lastKnownFileType = sourcecode.swift; path = "String+Extensions.swift"; sourceTree = "<group>"; };
		CFC820D828D1F51B0066C272 /* SenderInfo+Extensions.swift */ = {isa = PBXFileReference; lastKnownFileType = sourcecode.swift; path = "SenderInfo+Extensions.swift"; sourceTree = "<group>"; };
		CFC820DA28D1F5CB0066C272 /* UIViewController+Extenions.swift */ = {isa = PBXFileReference; fileEncoding = 4; lastKnownFileType = sourcecode.swift; path = "UIViewController+Extenions.swift"; sourceTree = "<group>"; };
		CFC892C229013B010015EBA2 /* ThreadListEmptyView.swift */ = {isa = PBXFileReference; lastKnownFileType = sourcecode.swift; path = ThreadListEmptyView.swift; sourceTree = "<group>"; };
		CFF3A9A028DB6D8100C8E4FA /* Log.swift */ = {isa = PBXFileReference; lastKnownFileType = sourcecode.swift; path = Log.swift; sourceTree = "<group>"; };
		CFF3A9A228DB6DFC00C8E4FA /* CommonError.swift */ = {isa = PBXFileReference; lastKnownFileType = sourcecode.swift; path = CommonError.swift; sourceTree = "<group>"; };
		CFF3A9A428DB6FE900C8E4FA /* Error+Extensions.swift */ = {isa = PBXFileReference; lastKnownFileType = sourcecode.swift; path = "Error+Extensions.swift"; sourceTree = "<group>"; };
		D4D4EE4226E11A3E002BE857 /* iOSSDKExample.app */ = {isa = PBXFileReference; explicitFileType = wrapper.application; includeInIndex = 0; path = iOSSDKExample.app; sourceTree = BUILT_PRODUCTS_DIR; };
		D4D4EE4526E11A3E002BE857 /* AppDelegate.swift */ = {isa = PBXFileReference; lastKnownFileType = sourcecode.swift; path = AppDelegate.swift; sourceTree = "<group>"; };
/* End PBXFileReference section */

/* Begin PBXFrameworksBuildPhase section */
		D4D4EE3F26E11A3E002BE857 /* Frameworks */ = {
			isa = PBXFrameworksBuildPhase;
			buildActionMask = 2147483647;
			files = (
				110AC6F427C5B62E00ADA6EB /* SafariServices.framework in Frameworks */,
				110AC6F227C5B62100ADA6EB /* Security.framework in Frameworks */,
				1194B9F927BC65CF005AADCE /* IQKeyboardManagerSwift in Frameworks */,
				CF6DE50128FEA2FF00F8D042 /* SnapKit in Frameworks */,
				118B058F27BD92A8004D725E /* ActivityIndicator in Frameworks */,
				114BCCE027CD2FA4001BCCF0 /* Toast in Frameworks */,
				118B058D27BD91AF004D725E /* Kingfisher in Frameworks */,
				11E5B3C328C16AC300A79611 /* ALProgressView in Frameworks */,
				110AC6F027C5B4D000ADA6EB /* LoginWithAmazon.framework in Frameworks */,
				270322CA27C99B0300B1F9E0 /* PKCE in Frameworks */,
				27107B97287529E800E0AD1F /* MessageKit in Frameworks */,
				CF6DE4F128FEA05600F8D042 /* SwinjectAutoregistration in Frameworks */,
				CF6DE4F628FEA0AA00F8D042 /* Swinject in Frameworks */,
				CF50C93E293DE913001E2553 /* CXoneChatSDK in Frameworks */,
			);
			runOnlyForDeploymentPostprocessing = 0;
		};
/* End PBXFrameworksBuildPhase section */

/* Begin PBXGroup section */
		11151788278E051900BBBB0D /* Views */ = {
			isa = PBXGroup;
			children = (
				11DD80A82865FC9000482DDB /* Config */,
				CF2BE1C228D203DC000E4906 /* Login */,
				11151789278E051900BBBB0D /* Popup */,
				CF4B14132906AD760090B83A /* ThreadDetail */,
				11151798278E051A00BBBB0D /* ThreadList */,
				CF4B14112906ACA00090B83A /* WebView */,
			);
			path = Views;
			sourceTree = "<group>";
		};
		11151789278E051900BBBB0D /* Popup */ = {
			isa = PBXGroup;
			children = (
				1115178A278E051900BBBB0D /* PopupViewController.swift */,
			);
			path = Popup;
			sourceTree = "<group>";
		};
		11151791278E051A00BBBB0D /* Cell */ = {
			isa = PBXGroup;
			children = (
				1115179A278E051A00BBBB0D /* ThreadListCell.swift */,
				CFAEEFC0291A8043006A3ECF /* ThreadDetailCell.swift */,
			);
			path = Cell;
			sourceTree = "<group>";
		};
		11151798278E051A00BBBB0D /* ThreadList */ = {
			isa = PBXGroup;
			children = (
				CF80462C28FFF6B70050C7A5 /* ThreadListPresenter.swift */,
				CF80462828FFF6A20050C7A5 /* ThreadListView.swift */,
				CF80463028FFF7160050C7A5 /* ThreadListViewController.swift */,
				CF80462A28FFF6AC0050C7A5 /* ThreadListViewState.swift */,
				CF4B14122906AD2B0090B83A /* Models */,
				CFC892C429013B050015EBA2 /* Subviews */,
			);
			path = ThreadList;
			sourceTree = "<group>";
		};
		119A393A27888DF100002408 /* Extension */ = {
			isa = PBXGroup;
			children = (
				CF7768C628D87CCA0092A813 /* Data+Extensions.swift */,
				CFC820D428D1F4330066C272 /* Int+Extensions.swift */,
				CFC820D628D1F44E0066C272 /* String+Extensions.swift */,
				CF0E8463291E669200FB29C7 /* Optional+Extensions.swift */,
				CF6DE4F228FEA07700F8D042 /* ObjectScope+Extensions.swift */,
				CFF3A9A428DB6FE900C8E4FA /* Error+Extensions.swift */,
				CF7768C828D87DC60092A813 /* Task+Extensions.swift */,
			);
			path = Extension;
			sourceTree = "<group>";
		};
		11DD80A82865FC9000482DDB /* Config */ = {
			isa = PBXGroup;
			children = (
				CF6DE51B28FEB16D00F8D042 /* ConfigPresenter.swift */,
				CF6DE51D28FEB17400F8D042 /* ConfigView.swift */,
				11DD80A92865FCB500482DDB /* ConfigViewController.swift */,
				CF6DE51F28FEB17D00F8D042 /* ConfigViewState.swift */,
				CF6DE52728FEBEC300F8D042 /* Entity */,
			);
			path = Config;
			sourceTree = "<group>";
		};
		27AB6A3228808A210045A3A8 /* Models */ = {
			isa = PBXGroup;
			children = (
				27AB6A3328808A4A0045A3A8 /* ConnectionConfiguration.swift */,
				CF2BE1BD28D20144000E4906 /* ConnectionConfigurationType.swift */,
				CF2BE1BF28D2014B000E4906 /* ConnectionEnvironmentType.swift */,
				27AB6A392882099F0045A3A8 /* MessageMediaItem.swift */,
			);
			path = Models;
			sourceTree = "<group>";
		};
		CF1475772902AC3300F2098D /* Buttons */ = {
			isa = PBXGroup;
			children = (
				CF14757F2902AED800F2098D /* BaseButton.swift */,
				CF1475782902AC3A00F2098D /* PrimaryButton.swift */,
				CF14757D2902AD4300F2098D /* SecondaryButton.swift */,
			);
			path = Buttons;
			sourceTree = "<group>";
		};
		CF14757A2902ACCF00F2098D /* Form */ = {
			isa = PBXGroup;
			children = (
				CF14757B2902ACE300F2098D /* FormView.swift */,
				CF147575290282C500F2098D /* FormViewController.swift */,
				CF4B140B290677000090B83A /* Model */,
			);
			path = Form;
			sourceTree = "<group>";
		};
		CF2BE1C228D203DC000E4906 /* Login */ = {
			isa = PBXGroup;
			children = (
				11F6137427BEBB71007BD941 /* LoginViewController.swift */,
				CF6DE50E28FEA73D00F8D042 /* LoginView.swift */,
				CF6DE51028FEA74300F8D042 /* LoginViewState.swift */,
				CF6DE50C28FEA71D00F8D042 /* LoginPresenter.swift */,
			);
			path = Login;
			sourceTree = "<group>";
		};
		CF2BE1C328D20427000E4906 /* Presentation */ = {
			isa = PBXGroup;
			children = (
				CF6DE4FD28FEA16F00F8D042 /* MainCoordinator.swift */,
				CF6DE4FB28FEA15F00F8D042 /* PresentationAssembly.swift */,
				11151788278E051900BBBB0D /* Views */,
			);
			path = Presentation;
			sourceTree = "<group>";
		};
		CF2BE1C428D2042E000E4906 /* Domain */ = {
			isa = PBXGroup;
			children = (
				CF6DE50228FEA33D00F8D042 /* DomainAssembly.swift */,
				CF6DE51828FEAB2500F8D042 /* Extensions */,
				CF7F76FF290FBBA80035486D /* Mappers */,
				27AB6A3228808A210045A3A8 /* Models */,
			);
			path = Domain;
			sourceTree = "<group>";
		};
		CF2BE1C528D20439000E4906 /* Utilities */ = {
			isa = PBXGroup;
			children = (
				CF6DE52828FEC32500F8D042 /* CodableIgnored */,
				CF6DE50A28FEA4DD00F8D042 /* Log */,
				CF6DE50928FEA4D500F8D042 /* Error */,
				CF6DE4E828FE9F9F00F8D042 /* Architecture */,
				119A393A27888DF100002408 /* Extension */,
			);
			path = Utilities;
			sourceTree = "<group>";
		};
		CF2BE1C628D20455000E4906 /* UI */ = {
			isa = PBXGroup;
			children = (
				CF857B6E28D682F100FC394B /* Assets.swift */,
				CF1475772902AC3300F2098D /* Buttons */,
				11151791278E051A00BBBB0D /* Cell */,
				CF6DE51428FEA91000F8D042 /* Controllers */,
				CF6DE51728FEA95900F8D042 /* Extensions */,
				CF7768CE28D88CC40092A813 /* Layout */,
				CF2BE1C828D207AF000E4906 /* Popups */,
				CF7768CF28D88CEF0092A813 /* SizeCalculator */,
				CF6DE50B28FEA51A00F8D042 /* Views */,
			);
			path = UI;
			sourceTree = "<group>";
		};
		CF2BE1C828D207AF000E4906 /* Popups */ = {
			isa = PBXGroup;
			children = (
				11EBC12028BD16A600EF2495 /* ProActiveActionPopup.swift */,
			);
			path = Popups;
			sourceTree = "<group>";
		};
		CF4B140B290677000090B83A /* Model */ = {
			isa = PBXGroup;
			children = (
				CF4B140E290677700090B83A /* FormTextFieldEntity.swift */,
				CF4B14092906769A0090B83A /* FormType.swift */,
				CF4B140C290677100090B83A /* FormVO.swift */,
			);
			path = Model;
			sourceTree = "<group>";
		};
		CF4B14112906ACA00090B83A /* WebView */ = {
			isa = PBXGroup;
			children = (
				114260B028AAC8740080D9F8 /* WkWebViewController.swift */,
			);
			path = WebView;
			sourceTree = "<group>";
		};
		CF4B14122906AD2B0090B83A /* Models */ = {
			isa = PBXGroup;
			children = (
				CF804636290002A70050C7A5 /* ThreadListVO.swift */,
			);
			path = Models;
			sourceTree = "<group>";
		};
		CF4B14132906AD760090B83A /* ThreadDetail */ = {
			isa = PBXGroup;
			children = (
				CF4B14302908301D0090B83A /* ThreadDetailViewController.swift */,
				CFAEEFBC291A65B7006A3ECF /* ThreadDetailPresenter.swift */,
				CFAEEFBE291A6672006A3ECF /* ThreadDetailViewState.swift */,
				CFAEEFBA291A486E006A3ECF /* ThreadDetailView.swift */,
				CF4B142F2908301D0090B83A /* ThreadDetailViewController+MessageCellDelegate.swift */,
				CF4B142E2908301D0090B83A /* ThreadDetailViewController+MessageLabelDelegate.swift */,
			);
			path = ThreadDetail;
			sourceTree = "<group>";
		};
		CF6DE4E828FE9F9F00F8D042 /* Architecture */ = {
			isa = PBXGroup;
			children = (
				CF6DE4E928FE9FBA00F8D042 /* BasePresenter.swift */,
				CF6DE4EA28FE9FBA00F8D042 /* HasInitial.swift */,
				CF6DE4EB28FE9FBA00F8D042 /* ViewRenderable.swift */,
				CF6DE50728FEA47200F8D042 /* Coordinator.swift */,
			);
			path = Architecture;
			sourceTree = "<group>";
		};
		CF6DE50428FEA35600F8D042 /* Data */ = {
			isa = PBXGroup;
			children = (
				CF6DE50528FEA36400F8D042 /* DataAssembly.swift */,
			);
			path = Data;
			sourceTree = "<group>";
		};
		CF6DE50928FEA4D500F8D042 /* Error */ = {
			isa = PBXGroup;
			children = (
				CFF3A9A228DB6DFC00C8E4FA /* CommonError.swift */,
			);
			path = Error;
			sourceTree = "<group>";
		};
		CF6DE50A28FEA4DD00F8D042 /* Log */ = {
			isa = PBXGroup;
			children = (
				CFF3A9A028DB6D8100C8E4FA /* Log.swift */,
			);
			path = Log;
			sourceTree = "<group>";
		};
		CF6DE50B28FEA51A00F8D042 /* Views */ = {
			isa = PBXGroup;
			children = (
				11DD80AB2866086B00482DDB /* CustomTextField.swift */,
				CF7768CA28D8857F0092A813 /* PopupPosition.swift */,
				11151793278E051A00BBBB0D /* PressableButton.swift */,
				11151795278E051A00BBBB0D /* CameraInputBarAccessoryView.swift */,
				11151792278E051A00BBBB0D /* PluginMessageView.swift */,
				CF795AEB28D85FB400A18BA9 /* CustomFieldView.swift */,
			);
			path = Views;
			sourceTree = "<group>";
		};
		CF6DE51428FEA91000F8D042 /* Controllers */ = {
			isa = PBXGroup;
			children = (
				CF6DE51928FEAFFB00F8D042 /* BaseViewController.swift */,
				CF6DE51528FEA91F00F8D042 /* LoadingViewController.swift */,
				CF14757A2902ACCF00F2098D /* Form */,
			);
			path = Controllers;
			sourceTree = "<group>";
		};
		CF6DE51728FEA95900F8D042 /* Extensions */ = {
			isa = PBXGroup;
			children = (
				11151786278E051900BBBB0D /* UIAlertController+Extensions.swift */,
				CF31918328D68B6200F7480A /* UIApplication+Extensions.swift */,
				CF80463228FFFA420050C7A5 /* UITableView+Extensions.swift */,
				CF4B141D2907D1940090B83A /* UICollectionView+Extensions.swift */,
				2779D4322887532400F1808C /* UIColor+Extensions.swift */,
				CFC820D228D1F4050066C272 /* UIImageView+Extensions.swift */,
				CF795AED28D8602900A18BA9 /* UIView+Extensions.swift */,
				CF80462628FFEF580050C7A5 /* UIStackView+Extensions.swift */,
				CFC820DA28D1F5CB0066C272 /* UIViewController+Extenions.swift */,
			);
			path = Extensions;
			sourceTree = "<group>";
		};
		CF6DE51828FEAB2500F8D042 /* Extensions */ = {
			isa = PBXGroup;
			children = (
				2779B1ED286E1577004C9DD2 /* Agent+Extensions.swift */,
				2779B1EB286E13F2004C9DD2 /* Message+Extensions.swift */,
				CFC820D828D1F51B0066C272 /* SenderInfo+Extensions.swift */,
				2779B1E9286E121F004C9DD2 /* Customer+Extenions.swift */,
				CF80463829001D610050C7A5 /* Array+Extensions.swift */,
			);
			path = Extensions;
			sourceTree = "<group>";
		};
		CF6DE52728FEBEC300F8D042 /* Entity */ = {
			isa = PBXGroup;
			children = (
				CF6DE52528FEBE5C00F8D042 /* ConfigVO.swift */,
			);
			path = Entity;
			sourceTree = "<group>";
		};
		CF6DE52828FEC32500F8D042 /* CodableIgnored */ = {
			isa = PBXGroup;
			children = (
				CF6DE52928FEC33600F8D042 /* CodableIgnored.swift */,
			);
			path = CodableIgnored;
			sourceTree = "<group>";
		};
		CF7768CE28D88CC40092A813 /* Layout */ = {
			isa = PBXGroup;
			children = (
				CF7768CC28D88C4C0092A813 /* CustomMessagesFlowLayout.swift */,
			);
			path = Layout;
			sourceTree = "<group>";
		};
		CF7768CF28D88CEF0092A813 /* SizeCalculator */ = {
			isa = PBXGroup;
			children = (
				CF7768D628D88DE20092A813 /* CustomLayoutSizeCalculator.swift */,
				CF7768D028D88CFD0092A813 /* CustomMessageSizeCalculator.swift */,
			);
			path = SizeCalculator;
			sourceTree = "<group>";
		};
		CF7F76FF290FBBA80035486D /* Mappers */ = {
			isa = PBXGroup;
			children = (
				CF7F7700290FBBB70035486D /* MessageMapper.swift */,
			);
			path = Mappers;
			sourceTree = "<group>";
		};
		CFC820DC28D1F7000066C272 /* Supporting Files */ = {
			isa = PBXGroup;
			children = (
				CF2BE1BB28D1FBBA000E4906 /* Entitlements */,
				CF5E07AB28D1F7C70081180D /* Info.plist */,
				CF857B7128D6841200FC394B /* Assets.xcassets */,
			);
			path = "Supporting Files";
			sourceTree = "<group>";
		};
		CFC820DD28D1F72C0066C272 /* Sources */ = {
			isa = PBXGroup;
			children = (
				D4D4EE4526E11A3E002BE857 /* AppDelegate.swift */,
				CF6DE4F728FEA12800F8D042 /* AppAssembly.swift */,
				CF6DE4F928FEA12E00F8D042 /* AppModule.swift */,
				CF6DE50428FEA35600F8D042 /* Data */,
				CF2BE1C428D2042E000E4906 /* Domain */,
				CF2BE1C328D20427000E4906 /* Presentation */,
				CF2BE1C628D20455000E4906 /* UI */,
				CF2BE1C528D20439000E4906 /* Utilities */,
			);
			path = Sources;
			sourceTree = "<group>";
		};
		CFC892C429013B050015EBA2 /* Subviews */ = {
			isa = PBXGroup;
			children = (
				CFC892C229013B010015EBA2 /* ThreadListEmptyView.swift */,
			);
			path = Subviews;
			sourceTree = "<group>";
		};
		D456ABA6270CE60600E9828B /* Frameworks */ = {
			isa = PBXGroup;
			children = (
				110AC6EF27C5B4D000ADA6EB /* LoginWithAmazon.framework */,
				110AC6F327C5B62E00ADA6EB /* SafariServices.framework */,
				110AC6F127C5B62100ADA6EB /* Security.framework */,
			);
			name = Frameworks;
			sourceTree = "<group>";
		};
		D4D4EE3926E11A3E002BE857 = {
			isa = PBXGroup;
			children = (
				D4D4EE4426E11A3E002BE857 /* iOSSDKExample */,
				D4D4EE4326E11A3E002BE857 /* Products */,
				D456ABA6270CE60600E9828B /* Frameworks */,
			);
			sourceTree = "<group>";
		};
		D4D4EE4326E11A3E002BE857 /* Products */ = {
			isa = PBXGroup;
			children = (
				D4D4EE4226E11A3E002BE857 /* iOSSDKExample.app */,
			);
			name = Products;
			sourceTree = "<group>";
		};
		D4D4EE4426E11A3E002BE857 /* iOSSDKExample */ = {
			isa = PBXGroup;
			children = (
				CFC820DD28D1F72C0066C272 /* Sources */,
				CFC820DC28D1F7000066C272 /* Supporting Files */,
			);
			path = iOSSDKExample;
			sourceTree = "<group>";
		};
/* End PBXGroup section */

/* Begin PBXNativeTarget section */
		D4D4EE4126E11A3E002BE857 /* iOSSDKExample */ = {
			isa = PBXNativeTarget;
			buildConfigurationList = D4D4EE6C26E11A3F002BE857 /* Build configuration list for PBXNativeTarget "iOSSDKExample" */;
			buildPhases = (
				D4D4EE3E26E11A3E002BE857 /* Sources */,
				D4D4EE3F26E11A3E002BE857 /* Frameworks */,
				D4D4EE4026E11A3E002BE857 /* Resources */,
			);
			buildRules = (
			);
			dependencies = (
			);
			name = iOSSDKExample;
			packageProductDependencies = (
				1194B9F827BC65CF005AADCE /* IQKeyboardManagerSwift */,
				118B058C27BD91AF004D725E /* Kingfisher */,
				118B058E27BD92A8004D725E /* ActivityIndicator */,
				114BCCDF27CD2FA4001BCCF0 /* Toast */,
				270322C927C99B0300B1F9E0 /* PKCE */,
				27107B96287529E800E0AD1F /* MessageKit */,
				11E5B3C228C16AC300A79611 /* ALProgressView */,
				CF6DE4F028FEA05600F8D042 /* SwinjectAutoregistration */,
				CF6DE4F528FEA0AA00F8D042 /* Swinject */,
				CF6DE50028FEA2FF00F8D042 /* SnapKit */,
				CF50C93D293DE913001E2553 /* CXoneChatSDK */,
			);
			productName = iOSSDKExample;
			productReference = D4D4EE4226E11A3E002BE857 /* iOSSDKExample.app */;
			productType = "com.apple.product-type.application";
		};
/* End PBXNativeTarget section */

/* Begin PBXProject section */
		D4D4EE3A26E11A3E002BE857 /* Project object */ = {
			isa = PBXProject;
			attributes = {
				LastSwiftUpdateCheck = 1320;
				LastUpgradeCheck = 1320;
				TargetAttributes = {
					D4D4EE4126E11A3E002BE857 = {
						CreatedOnToolsVersion = 12.5.1;
						LastSwiftMigration = 1320;
					};
				};
			};
			buildConfigurationList = D4D4EE3D26E11A3E002BE857 /* Build configuration list for PBXProject "iOSSDKExample" */;
			compatibilityVersion = "Xcode 9.3";
			developmentRegion = en;
			hasScannedForEncodings = 0;
			knownRegions = (
				en,
				Base,
			);
			mainGroup = D4D4EE3926E11A3E002BE857;
			packageReferences = (
				1194B9F727BC65CF005AADCE /* XCRemoteSwiftPackageReference "IQKeyboardManager" */,
				112A7A8727A35FFE003D4542 /* XCRemoteSwiftPackageReference "ActivityIndicator" */,
				118B058B27BD91AF004D725E /* XCRemoteSwiftPackageReference "Kingfisher" */,
				114BCCDE27CD2FA4001BCCF0 /* XCRemoteSwiftPackageReference "Toast-Swift" */,
				270322C827C99B0300B1F9E0 /* XCRemoteSwiftPackageReference "swift-pkce" */,
				27107B95287529E800E0AD1F /* XCRemoteSwiftPackageReference "MessageKit" */,
				11E5B3C128C16AC300A79611 /* XCRemoteSwiftPackageReference "ALProgressView" */,
				CF6DE4EF28FEA05600F8D042 /* XCRemoteSwiftPackageReference "SwinjectAutoregistration" */,
				CF6DE4F428FEA0AA00F8D042 /* XCRemoteSwiftPackageReference "Swinject" */,
				CF6DE4FF28FEA2FF00F8D042 /* XCRemoteSwiftPackageReference "SnapKit" */,
				CF50C93C293DE913001E2553 /* XCRemoteSwiftPackageReference "nice-cxone-mobile-sdk-ios" */,
			);
			productRefGroup = D4D4EE4326E11A3E002BE857 /* Products */;
			projectDirPath = "";
			projectRoot = "";
			targets = (
				D4D4EE4126E11A3E002BE857 /* iOSSDKExample */,
			);
		};
/* End PBXProject section */

/* Begin PBXResourcesBuildPhase section */
		D4D4EE4026E11A3E002BE857 /* Resources */ = {
			isa = PBXResourcesBuildPhase;
			buildActionMask = 2147483647;
			files = (
				CF2BE1BC28D1FBBA000E4906 /* Entitlements in Resources */,
				CF857B7228D6841200FC394B /* Assets.xcassets in Resources */,
			);
			runOnlyForDeploymentPostprocessing = 0;
		};
/* End PBXResourcesBuildPhase section */

/* Begin PBXSourcesBuildPhase section */
		D4D4EE3E26E11A3E002BE857 /* Sources */ = {
			isa = PBXSourcesBuildPhase;
			buildActionMask = 2147483647;
			files = (
				CFF3A9A528DB6FE900C8E4FA /* Error+Extensions.swift in Sources */,
				CF7768D128D88CFD0092A813 /* CustomMessageSizeCalculator.swift in Sources */,
				CF6DE52628FEBE5C00F8D042 /* ConfigVO.swift in Sources */,
				D4D4EE4626E11A3E002BE857 /* AppDelegate.swift in Sources */,
				CF6DE50328FEA33D00F8D042 /* DomainAssembly.swift in Sources */,
				CF6DE4EE28FE9FBA00F8D042 /* ViewRenderable.swift in Sources */,
				CF4B140D290677100090B83A /* FormVO.swift in Sources */,
				CFAEEFBF291A6672006A3ECF /* ThreadDetailViewState.swift in Sources */,
				CFAEEFC1291A8043006A3ECF /* ThreadDetailCell.swift in Sources */,
				CF6DE51C28FEB16D00F8D042 /* ConfigPresenter.swift in Sources */,
				CF31918428D68B6200F7480A /* UIApplication+Extensions.swift in Sources */,
				CF80462B28FFF6AC0050C7A5 /* ThreadListViewState.swift in Sources */,
				2779D4332887532400F1808C /* UIColor+Extensions.swift in Sources */,
				CF1475802902AED800F2098D /* BaseButton.swift in Sources */,
				CFC820D528D1F4330066C272 /* Int+Extensions.swift in Sources */,
				CF795AEC28D85FB400A18BA9 /* CustomFieldView.swift in Sources */,
				CF6DE4FA28FEA12E00F8D042 /* AppModule.swift in Sources */,
				CF7768CB28D8857F0092A813 /* PopupPosition.swift in Sources */,
				CFC820DB28D1F5CB0066C272 /* UIViewController+Extenions.swift in Sources */,
				CF6DE52028FEB17D00F8D042 /* ConfigViewState.swift in Sources */,
				CF7F7701290FBBB70035486D /* MessageMapper.swift in Sources */,
				CFC820D328D1F4050066C272 /* UIImageView+Extensions.swift in Sources */,
				111517A3278E051A00BBBB0D /* PressableButton.swift in Sources */,
				CF1475792902AC3A00F2098D /* PrimaryButton.swift in Sources */,
				27AB6A3428808A4A0045A3A8 /* ConnectionConfiguration.swift in Sources */,
				CF6DE4EC28FE9FBA00F8D042 /* BasePresenter.swift in Sources */,
				111517A9278E051A00BBBB0D /* ThreadListCell.swift in Sources */,
				CF80463328FFFA420050C7A5 /* UITableView+Extensions.swift in Sources */,
				CF2BE1C028D2014B000E4906 /* ConnectionEnvironmentType.swift in Sources */,
				CF80462D28FFF6B70050C7A5 /* ThreadListPresenter.swift in Sources */,
				CF6DE4F828FEA12800F8D042 /* AppAssembly.swift in Sources */,
				CFF3A9A328DB6DFC00C8E4FA /* CommonError.swift in Sources */,
				CF7768CD28D88C4C0092A813 /* CustomMessagesFlowLayout.swift in Sources */,
				CF6DE51128FEA74300F8D042 /* LoginViewState.swift in Sources */,
				CF4B14332908301D0090B83A /* ThreadDetailViewController.swift in Sources */,
				CF6DE50F28FEA73D00F8D042 /* LoginView.swift in Sources */,
				CF80462928FFF6A20050C7A5 /* ThreadListView.swift in Sources */,
				CF80462728FFEF580050C7A5 /* UIStackView+Extensions.swift in Sources */,
				CFAEEFBD291A65B7006A3ECF /* ThreadDetailPresenter.swift in Sources */,
				2779B1EA286E121F004C9DD2 /* Customer+Extenions.swift in Sources */,
				CFC892C329013B010015EBA2 /* ThreadListEmptyView.swift in Sources */,
				CF6DE52A28FEC33600F8D042 /* CodableIgnored.swift in Sources */,
				CF4B14322908301D0090B83A /* ThreadDetailViewController+MessageCellDelegate.swift in Sources */,
				CF4B14312908301D0090B83A /* ThreadDetailViewController+MessageLabelDelegate.swift in Sources */,
				CF7768C728D87CCA0092A813 /* Data+Extensions.swift in Sources */,
				CF7768D728D88DE20092A813 /* CustomLayoutSizeCalculator.swift in Sources */,
				CF147576290282C500F2098D /* FormViewController.swift in Sources */,
				111517A5278E051A00BBBB0D /* CameraInputBarAccessoryView.swift in Sources */,
				CF14757E2902AD4300F2098D /* SecondaryButton.swift in Sources */,
				CF80463128FFF7160050C7A5 /* ThreadListViewController.swift in Sources */,
				CF6DE4FC28FEA15F00F8D042 /* PresentationAssembly.swift in Sources */,
				CF4B140F290677700090B83A /* FormTextFieldEntity.swift in Sources */,
				111517A2278E051A00BBBB0D /* PluginMessageView.swift in Sources */,
				CF6DE4F328FEA07700F8D042 /* ObjectScope+Extensions.swift in Sources */,
				CFC820D728D1F44E0066C272 /* String+Extensions.swift in Sources */,
				CF80463929001D610050C7A5 /* Array+Extensions.swift in Sources */,
				CF4B140A2906769A0090B83A /* FormType.swift in Sources */,
				CF6DE51A28FEAFFB00F8D042 /* BaseViewController.swift in Sources */,
				2779B1EC286E13F2004C9DD2 /* Message+Extensions.swift in Sources */,
				27AB6A3A2882099F0045A3A8 /* MessageMediaItem.swift in Sources */,
				CF4B141E2907D1940090B83A /* UICollectionView+Extensions.swift in Sources */,
				CF6DE51628FEA91F00F8D042 /* LoadingViewController.swift in Sources */,
				CF795AEE28D8602900A18BA9 /* UIView+Extensions.swift in Sources */,
				11DD80AA2865FCB500482DDB /* ConfigViewController.swift in Sources */,
				2779B1EE286E1577004C9DD2 /* Agent+Extensions.swift in Sources */,
				CF6DE50628FEA36400F8D042 /* DataAssembly.swift in Sources */,
				CF7768C928D87DC60092A813 /* Task+Extensions.swift in Sources */,
				CF0E8464291E669200FB29C7 /* Optional+Extensions.swift in Sources */,
				CF6DE4FE28FEA16F00F8D042 /* MainCoordinator.swift in Sources */,
				CF6DE51E28FEB17400F8D042 /* ConfigView.swift in Sources */,
				CF6DE4ED28FE9FBA00F8D042 /* HasInitial.swift in Sources */,
				11F6137527BEBB71007BD941 /* LoginViewController.swift in Sources */,
				CF14757C2902ACE300F2098D /* FormView.swift in Sources */,
				CFC820D928D1F51B0066C272 /* SenderInfo+Extensions.swift in Sources */,
				11DD80AC2866086B00482DDB /* CustomTextField.swift in Sources */,
				CFF3A9A128DB6D8100C8E4FA /* Log.swift in Sources */,
				CF2BE1BE28D20144000E4906 /* ConnectionConfigurationType.swift in Sources */,
				CF804637290002A70050C7A5 /* ThreadListVO.swift in Sources */,
				CFAEEFBB291A486E006A3ECF /* ThreadDetailView.swift in Sources */,
				CF857B6F28D682F100FC394B /* Assets.swift in Sources */,
				11EBC12128BD16A600EF2495 /* ProActiveActionPopup.swift in Sources */,
				114260B128AAC8740080D9F8 /* WkWebViewController.swift in Sources */,
				1115179B278E051A00BBBB0D /* UIAlertController+Extensions.swift in Sources */,
				CF6DE50828FEA47200F8D042 /* Coordinator.swift in Sources */,
				1115179D278E051A00BBBB0D /* PopupViewController.swift in Sources */,
				CF6DE50D28FEA71D00F8D042 /* LoginPresenter.swift in Sources */,
			);
			runOnlyForDeploymentPostprocessing = 0;
		};
/* End PBXSourcesBuildPhase section */

/* Begin XCBuildConfiguration section */
		D4D4EE6A26E11A3F002BE857 /* Debug */ = {
			isa = XCBuildConfiguration;
			buildSettings = {
				ALWAYS_SEARCH_USER_PATHS = NO;
				CLANG_ANALYZER_NONNULL = YES;
				CLANG_ANALYZER_NUMBER_OBJECT_CONVERSION = YES_AGGRESSIVE;
				CLANG_CXX_LANGUAGE_STANDARD = "gnu++14";
				CLANG_CXX_LIBRARY = "libc++";
				CLANG_ENABLE_MODULES = YES;
				CLANG_ENABLE_OBJC_ARC = YES;
				CLANG_ENABLE_OBJC_WEAK = YES;
				CLANG_WARN_BLOCK_CAPTURE_AUTORELEASING = YES;
				CLANG_WARN_BOOL_CONVERSION = YES;
				CLANG_WARN_COMMA = YES;
				CLANG_WARN_CONSTANT_CONVERSION = YES;
				CLANG_WARN_DEPRECATED_OBJC_IMPLEMENTATIONS = YES;
				CLANG_WARN_DIRECT_OBJC_ISA_USAGE = YES_ERROR;
				CLANG_WARN_DOCUMENTATION_COMMENTS = YES;
				CLANG_WARN_EMPTY_BODY = YES;
				CLANG_WARN_ENUM_CONVERSION = YES;
				CLANG_WARN_INFINITE_RECURSION = YES;
				CLANG_WARN_INT_CONVERSION = YES;
				CLANG_WARN_NON_LITERAL_NULL_CONVERSION = YES;
				CLANG_WARN_OBJC_IMPLICIT_RETAIN_SELF = YES;
				CLANG_WARN_OBJC_LITERAL_CONVERSION = YES;
				CLANG_WARN_OBJC_ROOT_CLASS = YES_ERROR;
				CLANG_WARN_QUOTED_INCLUDE_IN_FRAMEWORK_HEADER = YES;
				CLANG_WARN_RANGE_LOOP_ANALYSIS = YES;
				CLANG_WARN_STRICT_PROTOTYPES = YES;
				CLANG_WARN_SUSPICIOUS_MOVE = YES;
				CLANG_WARN_UNGUARDED_AVAILABILITY = YES_AGGRESSIVE;
				CLANG_WARN_UNREACHABLE_CODE = YES;
				CLANG_WARN__DUPLICATE_METHOD_MATCH = YES;
				COPY_PHASE_STRIP = NO;
				DEBUG_INFORMATION_FORMAT = dwarf;
				ENABLE_BITCODE = NO;
				ENABLE_STRICT_OBJC_MSGSEND = YES;
				ENABLE_TESTABILITY = YES;
				GCC_C_LANGUAGE_STANDARD = gnu11;
				GCC_DYNAMIC_NO_PIC = NO;
				GCC_NO_COMMON_BLOCKS = YES;
				GCC_OPTIMIZATION_LEVEL = 0;
				GCC_PRECOMPILE_PREFIX_HEADER = NO;
				GCC_PREPROCESSOR_DEFINITIONS = (
					"DEBUG=1",
					"$(inherited)",
				);
				GCC_WARN_64_TO_32_BIT_CONVERSION = YES;
				GCC_WARN_ABOUT_RETURN_TYPE = YES_ERROR;
				GCC_WARN_UNDECLARED_SELECTOR = YES;
				GCC_WARN_UNINITIALIZED_AUTOS = YES_AGGRESSIVE;
				GCC_WARN_UNUSED_FUNCTION = YES;
				GCC_WARN_UNUSED_VARIABLE = YES;
				IPHONEOS_DEPLOYMENT_TARGET = 13.0;
				MTL_ENABLE_DEBUG_INFO = INCLUDE_SOURCE;
				MTL_FAST_MATH = YES;
				ONLY_ACTIVE_ARCH = YES;
				SDKROOT = iphoneos;
				SWIFT_ACTIVE_COMPILATION_CONDITIONS = DEBUG;
				SWIFT_OPTIMIZATION_LEVEL = "-Onone";
			};
			name = Debug;
		};
		D4D4EE6B26E11A3F002BE857 /* Release */ = {
			isa = XCBuildConfiguration;
			buildSettings = {
				ALWAYS_SEARCH_USER_PATHS = NO;
				CLANG_ANALYZER_NONNULL = YES;
				CLANG_ANALYZER_NUMBER_OBJECT_CONVERSION = YES_AGGRESSIVE;
				CLANG_CXX_LANGUAGE_STANDARD = "gnu++14";
				CLANG_CXX_LIBRARY = "libc++";
				CLANG_ENABLE_MODULES = YES;
				CLANG_ENABLE_OBJC_ARC = YES;
				CLANG_ENABLE_OBJC_WEAK = YES;
				CLANG_WARN_BLOCK_CAPTURE_AUTORELEASING = YES;
				CLANG_WARN_BOOL_CONVERSION = YES;
				CLANG_WARN_COMMA = YES;
				CLANG_WARN_CONSTANT_CONVERSION = YES;
				CLANG_WARN_DEPRECATED_OBJC_IMPLEMENTATIONS = YES;
				CLANG_WARN_DIRECT_OBJC_ISA_USAGE = YES_ERROR;
				CLANG_WARN_DOCUMENTATION_COMMENTS = YES;
				CLANG_WARN_EMPTY_BODY = YES;
				CLANG_WARN_ENUM_CONVERSION = YES;
				CLANG_WARN_INFINITE_RECURSION = YES;
				CLANG_WARN_INT_CONVERSION = YES;
				CLANG_WARN_NON_LITERAL_NULL_CONVERSION = YES;
				CLANG_WARN_OBJC_IMPLICIT_RETAIN_SELF = YES;
				CLANG_WARN_OBJC_LITERAL_CONVERSION = YES;
				CLANG_WARN_OBJC_ROOT_CLASS = YES_ERROR;
				CLANG_WARN_QUOTED_INCLUDE_IN_FRAMEWORK_HEADER = YES;
				CLANG_WARN_RANGE_LOOP_ANALYSIS = YES;
				CLANG_WARN_STRICT_PROTOTYPES = YES;
				CLANG_WARN_SUSPICIOUS_MOVE = YES;
				CLANG_WARN_UNGUARDED_AVAILABILITY = YES_AGGRESSIVE;
				CLANG_WARN_UNREACHABLE_CODE = YES;
				CLANG_WARN__DUPLICATE_METHOD_MATCH = YES;
				COPY_PHASE_STRIP = NO;
				DEBUG_INFORMATION_FORMAT = "dwarf-with-dsym";
				ENABLE_BITCODE = NO;
				ENABLE_NS_ASSERTIONS = NO;
				ENABLE_STRICT_OBJC_MSGSEND = YES;
				GCC_C_LANGUAGE_STANDARD = gnu11;
				GCC_NO_COMMON_BLOCKS = YES;
				GCC_PRECOMPILE_PREFIX_HEADER = NO;
				GCC_WARN_64_TO_32_BIT_CONVERSION = YES;
				GCC_WARN_ABOUT_RETURN_TYPE = YES_ERROR;
				GCC_WARN_UNDECLARED_SELECTOR = YES;
				GCC_WARN_UNINITIALIZED_AUTOS = YES_AGGRESSIVE;
				GCC_WARN_UNUSED_FUNCTION = YES;
				GCC_WARN_UNUSED_VARIABLE = YES;
				IPHONEOS_DEPLOYMENT_TARGET = 13.0;
				MTL_ENABLE_DEBUG_INFO = NO;
				MTL_FAST_MATH = YES;
				ONLY_ACTIVE_ARCH = YES;
				SDKROOT = iphoneos;
				SWIFT_COMPILATION_MODE = wholemodule;
				SWIFT_OPTIMIZATION_LEVEL = "-O";
				VALIDATE_PRODUCT = YES;
			};
			name = Release;
		};
		D4D4EE6D26E11A3F002BE857 /* Debug */ = {
			isa = XCBuildConfiguration;
			buildSettings = {
				ALWAYS_EMBED_SWIFT_STANDARD_LIBRARIES = YES;
				ASSETCATALOG_COMPILER_APPICON_NAME = AppIcon;
				ASSETCATALOG_COMPILER_GLOBAL_ACCENT_COLOR_NAME = AccentColor;
				ASSETCATALOG_COMPILER_INCLUDE_ALL_APPICON_ASSETS = YES;
				CLANG_ENABLE_MODULES = YES;
				CODE_SIGN_ENTITLEMENTS = "iOSSDKExample/Supporting Files/Entitlements/iOSSDKExample.entitlements";
				CODE_SIGN_STYLE = Automatic;
				DEVELOPMENT_TEAM = "";
				FRAMEWORK_SEARCH_PATHS = (
					"$(inherited)",
					"$(PROJECT_DIR)/Frameworks",
				);
				INFOPLIST_FILE = "iOSSDKExample/Supporting Files/Info.plist";
				IPHONEOS_DEPLOYMENT_TARGET = 15.0;
				LD_RUNPATH_SEARCH_PATHS = (
					"$(inherited)",
					"@executable_path/Frameworks",
				);
				ONLY_ACTIVE_ARCH = YES;
				PRODUCT_BUNDLE_IDENTIFIER = com.incontact.mobileSDK.Example;
				PRODUCT_NAME = "$(TARGET_NAME)";
				SWIFT_OPTIMIZATION_LEVEL = "-Onone";
				SWIFT_VERSION = 5.0;
				TARGETED_DEVICE_FAMILY = "1,2";
			};
			name = Debug;
		};
		D4D4EE6E26E11A3F002BE857 /* Release */ = {
			isa = XCBuildConfiguration;
			buildSettings = {
				ALWAYS_EMBED_SWIFT_STANDARD_LIBRARIES = YES;
				ASSETCATALOG_COMPILER_APPICON_NAME = AppIcon;
				ASSETCATALOG_COMPILER_GLOBAL_ACCENT_COLOR_NAME = AccentColor;
				ASSETCATALOG_COMPILER_INCLUDE_ALL_APPICON_ASSETS = YES;
				CLANG_ENABLE_MODULES = YES;
				CODE_SIGN_ENTITLEMENTS = "iOSSDKExample/Supporting Files/Entitlements/iOSSDKExample.entitlements";
				CODE_SIGN_STYLE = Automatic;
				DEVELOPMENT_TEAM = "";
				FRAMEWORK_SEARCH_PATHS = (
					"$(inherited)",
					"$(PROJECT_DIR)/Frameworks",
				);
				INFOPLIST_FILE = "iOSSDKExample/Supporting Files/Info.plist";
				IPHONEOS_DEPLOYMENT_TARGET = 15.0;
				LD_RUNPATH_SEARCH_PATHS = (
					"$(inherited)",
					"@executable_path/Frameworks",
				);
				ONLY_ACTIVE_ARCH = YES;
				PRODUCT_BUNDLE_IDENTIFIER = com.incontact.mobileSDK.Example;
				PRODUCT_NAME = "$(TARGET_NAME)";
				SWIFT_VERSION = 5.0;
				TARGETED_DEVICE_FAMILY = "1,2";
			};
			name = Release;
		};
/* End XCBuildConfiguration section */

/* Begin XCConfigurationList section */
		D4D4EE3D26E11A3E002BE857 /* Build configuration list for PBXProject "iOSSDKExample" */ = {
			isa = XCConfigurationList;
			buildConfigurations = (
				D4D4EE6A26E11A3F002BE857 /* Debug */,
				D4D4EE6B26E11A3F002BE857 /* Release */,
			);
			defaultConfigurationIsVisible = 0;
			defaultConfigurationName = Release;
		};
		D4D4EE6C26E11A3F002BE857 /* Build configuration list for PBXNativeTarget "iOSSDKExample" */ = {
			isa = XCConfigurationList;
			buildConfigurations = (
				D4D4EE6D26E11A3F002BE857 /* Debug */,
				D4D4EE6E26E11A3F002BE857 /* Release */,
			);
			defaultConfigurationIsVisible = 0;
			defaultConfigurationName = Release;
		};
/* End XCConfigurationList section */

/* Begin XCRemoteSwiftPackageReference section */
		112A7A8727A35FFE003D4542 /* XCRemoteSwiftPackageReference "ActivityIndicator" */ = {
			isa = XCRemoteSwiftPackageReference;
			repositoryURL = "https://github.com/kjoe07/ActivityIndicator";
			requirement = {
				kind = upToNextMajorVersion;
				minimumVersion = 1.1.0;
			};
		};
		114BCCDE27CD2FA4001BCCF0 /* XCRemoteSwiftPackageReference "Toast-Swift" */ = {
			isa = XCRemoteSwiftPackageReference;
			repositoryURL = "https://github.com/scalessec/Toast-Swift";
			requirement = {
				kind = upToNextMajorVersion;
				minimumVersion = 5.0.0;
			};
		};
		118B058B27BD91AF004D725E /* XCRemoteSwiftPackageReference "Kingfisher" */ = {
			isa = XCRemoteSwiftPackageReference;
			repositoryURL = "https://github.com/onevcat/Kingfisher.git";
			requirement = {
				kind = upToNextMajorVersion;
				minimumVersion = 7.0.0;
			};
		};
		1194B9F727BC65CF005AADCE /* XCRemoteSwiftPackageReference "IQKeyboardManager" */ = {
			isa = XCRemoteSwiftPackageReference;
			repositoryURL = "https://github.com/hackiftekhar/IQKeyboardManager";
			requirement = {
				kind = upToNextMajorVersion;
				minimumVersion = 6.5.0;
			};
		};
		11E5B3C128C16AC300A79611 /* XCRemoteSwiftPackageReference "ALProgressView" */ = {
			isa = XCRemoteSwiftPackageReference;
			repositoryURL = "https://github.com/alxrguz/ALProgressView";
			requirement = {
				kind = upToNextMajorVersion;
				minimumVersion = 2.0.0;
			};
		};
		270322C827C99B0300B1F9E0 /* XCRemoteSwiftPackageReference "swift-pkce" */ = {
			isa = XCRemoteSwiftPackageReference;
			repositoryURL = "https://github.com/hendrickson-tyler/swift-pkce";
			requirement = {
				kind = upToNextMajorVersion;
				minimumVersion = 1.0.0;
			};
		};
		27107B95287529E800E0AD1F /* XCRemoteSwiftPackageReference "MessageKit" */ = {
			isa = XCRemoteSwiftPackageReference;
			repositoryURL = "https://github.com/MessageKit/MessageKit";
			requirement = {
				kind = upToNextMinorVersion;
				minimumVersion = 3.5.0;
			};
		};
		CF50C93C293DE913001E2553 /* XCRemoteSwiftPackageReference "nice-cxone-mobile-sdk-ios" */ = {
			isa = XCRemoteSwiftPackageReference;
			repositoryURL = "https://github.com/nice-devone/nice-cxone-mobile-sdk-ios";
			requirement = {
				branch = main;
				kind = branch;
			};
		};
		CF6DE4EF28FEA05600F8D042 /* XCRemoteSwiftPackageReference "SwinjectAutoregistration" */ = {
			isa = XCRemoteSwiftPackageReference;
			repositoryURL = "https://github.com/Swinject/SwinjectAutoregistration";
			requirement = {
				kind = upToNextMajorVersion;
				minimumVersion = 2.0.0;
			};
		};
		CF6DE4F428FEA0AA00F8D042 /* XCRemoteSwiftPackageReference "Swinject" */ = {
			isa = XCRemoteSwiftPackageReference;
			repositoryURL = "https://github.com/Swinject/Swinject.git";
			requirement = {
				kind = upToNextMajorVersion;
				minimumVersion = 2.0.0;
			};
		};
		CF6DE4FF28FEA2FF00F8D042 /* XCRemoteSwiftPackageReference "SnapKit" */ = {
			isa = XCRemoteSwiftPackageReference;
			repositoryURL = "https://github.com/SnapKit/SnapKit.git";
			requirement = {
				kind = upToNextMajorVersion;
				minimumVersion = 5.0.0;
			};
		};
/* End XCRemoteSwiftPackageReference section */

/* Begin XCSwiftPackageProductDependency section */
		114BCCDF27CD2FA4001BCCF0 /* Toast */ = {
			isa = XCSwiftPackageProductDependency;
			package = 114BCCDE27CD2FA4001BCCF0 /* XCRemoteSwiftPackageReference "Toast-Swift" */;
			productName = Toast;
		};
		118B058C27BD91AF004D725E /* Kingfisher */ = {
			isa = XCSwiftPackageProductDependency;
			package = 118B058B27BD91AF004D725E /* XCRemoteSwiftPackageReference "Kingfisher" */;
			productName = Kingfisher;
		};
		118B058E27BD92A8004D725E /* ActivityIndicator */ = {
			isa = XCSwiftPackageProductDependency;
			package = 112A7A8727A35FFE003D4542 /* XCRemoteSwiftPackageReference "ActivityIndicator" */;
			productName = ActivityIndicator;
		};
		1194B9F827BC65CF005AADCE /* IQKeyboardManagerSwift */ = {
			isa = XCSwiftPackageProductDependency;
			package = 1194B9F727BC65CF005AADCE /* XCRemoteSwiftPackageReference "IQKeyboardManager" */;
			productName = IQKeyboardManagerSwift;
		};
		11E5B3C228C16AC300A79611 /* ALProgressView */ = {
			isa = XCSwiftPackageProductDependency;
			package = 11E5B3C128C16AC300A79611 /* XCRemoteSwiftPackageReference "ALProgressView" */;
			productName = ALProgressView;
		};
		270322C927C99B0300B1F9E0 /* PKCE */ = {
			isa = XCSwiftPackageProductDependency;
			package = 270322C827C99B0300B1F9E0 /* XCRemoteSwiftPackageReference "swift-pkce" */;
			productName = PKCE;
		};
		27107B96287529E800E0AD1F /* MessageKit */ = {
			isa = XCSwiftPackageProductDependency;
			package = 27107B95287529E800E0AD1F /* XCRemoteSwiftPackageReference "MessageKit" */;
			productName = MessageKit;
		};
		CF50C93D293DE913001E2553 /* CXoneChatSDK */ = {
			isa = XCSwiftPackageProductDependency;
			package = CF50C93C293DE913001E2553 /* XCRemoteSwiftPackageReference "nice-cxone-mobile-sdk-ios" */;
			productName = CXoneChatSDK;
		};
		CF6DE4F028FEA05600F8D042 /* SwinjectAutoregistration */ = {
			isa = XCSwiftPackageProductDependency;
			package = CF6DE4EF28FEA05600F8D042 /* XCRemoteSwiftPackageReference "SwinjectAutoregistration" */;
			productName = SwinjectAutoregistration;
		};
		CF6DE4F528FEA0AA00F8D042 /* Swinject */ = {
			isa = XCSwiftPackageProductDependency;
			package = CF6DE4F428FEA0AA00F8D042 /* XCRemoteSwiftPackageReference "Swinject" */;
			productName = Swinject;
		};
		CF6DE50028FEA2FF00F8D042 /* SnapKit */ = {
			isa = XCSwiftPackageProductDependency;
			package = CF6DE4FF28FEA2FF00F8D042 /* XCRemoteSwiftPackageReference "SnapKit" */;
			productName = SnapKit;
		};
/* End XCSwiftPackageProductDependency section */
	};
	rootObject = D4D4EE3A26E11A3E002BE857 /* Project object */;
}
